PODS:
  - FoundationSwagger (0.2.14)
  - Koloda (4.1):
    - pop (~> 1.0)
  - pop (1.0.9)
  - Realm (2.10.0):
    - Realm/Headers (= 2.10.0)
  - Realm/Headers (2.10.0)
  - RealmSwift (2.10.0):
    - Realm (= 2.10.0)
  - SwiftLint (0.24.2)
  - TestableCoreLocation (0.1.1):
    - TestSwagger
  - TestableUIKit (0.2.2):
    - TestSwagger
  - TestSwagger (0.1.6):
    - FoundationSwagger

DEPENDENCIES:
  - Koloda
  - RealmSwift
  - SwiftLint
  - TestableCoreLocation
  - TestableUIKit

SPEC CHECKSUMS:
  FoundationSwagger: e5aa3e41320e0e2931dbd4a12ab4cf2e03c558e4
  Koloda: 6c4fa3ce9a68776a8ef973311e53fdda432799a8
  pop: f667631a5108a2e60d9e8797c9b32ddaf2080bce
  Realm: 98b3a25643cf6b3e07d2b99fb43fe0eb9c801dec
  RealmSwift: 34073ad3a31232bbaf7c0db898c037940284cba2
  SwiftLint: 2aa21b96c8d13396a051bc1cb659d2ce1e0075b0
  TestableCoreLocation: 143c59226e956756b7edf7902fce992366d98b97
  TestableUIKit: 677e7d18b0912757a92548eba2c2d1832b94c7ac
  TestSwagger: 10428263bd31debe64adc7c1444c7517e5a88548

PODFILE CHECKSUM: a2511017c9d55ebd9da923cdc7019915e211dd30

COCOAPODS: 1.4.0
