// !$*UTF8*$!
{
	archiveVersion = 1;
	classes = {
	};
	objectVersion = 46;
	objects = {

/* Begin PBXBuildFile section */
		2700D3F51E885FE7004E77A1 /* AnimalDetailViewControllerTests.swift in Sources */ = {isa = PBXBuildFile; fileRef = 2700D3F41E885FE7004E77A1 /* AnimalDetailViewControllerTests.swift */; };
		2700D3F71E88642D004E77A1 /* CatDetailController.swift in Sources */ = {isa = PBXBuildFile; fileRef = 2700D3F61E88642D004E77A1 /* CatDetailController.swift */; };
		270A6AE31E3E700C00B12D38 /* URLSessionSpies.swift in Sources */ = {isa = PBXBuildFile; fileRef = 270A6AE21E3E700C00B12D38 /* URLSessionSpies.swift */; };
		270A6AE51E3E70CD00B12D38 /* URLSessionDataTaskSpies.swift in Sources */ = {isa = PBXBuildFile; fileRef = 270A6AE41E3E70CD00B12D38 /* URLSessionDataTaskSpies.swift */; };
		270A6AE91E3E7BAB00B12D38 /* Box.swift in Sources */ = {isa = PBXBuildFile; fileRef = 270A6AE81E3E7BAB00B12D38 /* Box.swift */; };
		270A6AEB1E3E7DB000B12D38 /* ResultTests.swift in Sources */ = {isa = PBXBuildFile; fileRef = 270A6AEA1E3E7DB000B12D38 /* ResultTests.swift */; };
		270A6AED1E3E7F7800B12D38 /* Result.swift in Sources */ = {isa = PBXBuildFile; fileRef = 270A6AEC1E3E7F7800B12D38 /* Result.swift */; };
		270A6AEF1E3E85BE00B12D38 /* NetworkTestingConstants.swift in Sources */ = {isa = PBXBuildFile; fileRef = 270A6AEE1E3E85BE00B12D38 /* NetworkTestingConstants.swift */; };
		270A6AF31E3E981100B12D38 /* AnimalNetworkErrorTests.swift in Sources */ = {isa = PBXBuildFile; fileRef = 270A6AF21E3E981100B12D38 /* AnimalNetworkErrorTests.swift */; };
		270A6AF51E3E9D3800B12D38 /* AnimalNetworkError.swift in Sources */ = {isa = PBXBuildFile; fileRef = 270A6AF41E3E9D3800B12D38 /* AnimalNetworkError.swift */; };
		270A6AF71E3EA9A000B12D38 /* SampleExternalAnimalData.swift in Sources */ = {isa = PBXBuildFile; fileRef = 270A6AF61E3EA9A000B12D38 /* SampleExternalAnimalData.swift */; };
		270FE1DA1E748E22006126B2 /* SampleCats.swift in Sources */ = {isa = PBXBuildFile; fileRef = 270FE1D91E748E22006126B2 /* SampleCats.swift */; };
		270FE1DC1E749E0E006126B2 /* ImageProviderExtensions.swift in Sources */ = {isa = PBXBuildFile; fileRef = 270FE1DB1E749E0E006126B2 /* ImageProviderExtensions.swift */; };
		275D260F1E5106D800FAE334 /* PetFinderAnimalRegistryTests.swift in Sources */ = {isa = PBXBuildFile; fileRef = 275D260E1E5106D800FAE334 /* PetFinderAnimalRegistryTests.swift */; };
		275D26151E5125D100FAE334 /* FavoritesListControllerTests.swift in Sources */ = {isa = PBXBuildFile; fileRef = 275D26141E5125D100FAE334 /* FavoritesListControllerTests.swift */; };
		275D26171E512F5E00FAE334 /* FavoritesListController.swift in Sources */ = {isa = PBXBuildFile; fileRef = 275D26161E512F5E00FAE334 /* FavoritesListController.swift */; };
		2767E37D1E62679600A7C5F9 /* ImageProviderTests.swift in Sources */ = {isa = PBXBuildFile; fileRef = 2767E37C1E62679600A7C5F9 /* ImageProviderTests.swift */; };
		2767E37F1E6269B900A7C5F9 /* ImageProvider.swift in Sources */ = {isa = PBXBuildFile; fileRef = 2767E37E1E6269B900A7C5F9 /* ImageProvider.swift */; };
		276C61961E2C062200225CF4 /* AppDelegate.swift in Sources */ = {isa = PBXBuildFile; fileRef = 276C61951E2C062200225CF4 /* AppDelegate.swift */; };
		276C619D1E2C062200225CF4 /* Assets.xcassets in Resources */ = {isa = PBXBuildFile; fileRef = 276C619C1E2C062200225CF4 /* Assets.xcassets */; };
		276C61A01E2C062200225CF4 /* LaunchScreen.storyboard in Resources */ = {isa = PBXBuildFile; fileRef = 276C619E1E2C062200225CF4 /* LaunchScreen.storyboard */; };
		276C61B61E2C068900225CF4 /* AppDelegateTests.swift in Sources */ = {isa = PBXBuildFile; fileRef = 276C61B51E2C068900225CF4 /* AppDelegateTests.swift */; };
		276C61B81E2C0A1900225CF4 /* Main.storyboard in Resources */ = {isa = PBXBuildFile; fileRef = 276C61B71E2C0A1900225CF4 /* Main.storyboard */; };
		276C61BC1E2C183300225CF4 /* ExternalAnimal.swift in Sources */ = {isa = PBXBuildFile; fileRef = 276C61BB1E2C183300225CF4 /* ExternalAnimal.swift */; };
		276C61C01E2C1AFF00225CF4 /* AnimalTests.swift in Sources */ = {isa = PBXBuildFile; fileRef = 276C61BF1E2C1AFF00225CF4 /* AnimalTests.swift */; };
		276C61C21E2C1C0E00225CF4 /* Animal.swift in Sources */ = {isa = PBXBuildFile; fileRef = 276C61C11E2C1C0E00225CF4 /* Animal.swift */; };
		276C61C41E2C1D8600225CF4 /* AnimalBuilderTests.swift in Sources */ = {isa = PBXBuildFile; fileRef = 276C61C31E2C1D8600225CF4 /* AnimalBuilderTests.swift */; };
		276C61C61E2D728800225CF4 /* AnimalBuilder.swift in Sources */ = {isa = PBXBuildFile; fileRef = 276C61C51E2D728800225CF4 /* AnimalBuilder.swift */; };
		277199121E33F45B00930630 /* PetFinderNetworkerTests.swift in Sources */ = {isa = PBXBuildFile; fileRef = 277199111E33F45B00930630 /* PetFinderNetworkerTests.swift */; };
		277199141E34002300930630 /* PetFinderNetworker.swift in Sources */ = {isa = PBXBuildFile; fileRef = 277199131E34002300930630 /* PetFinderNetworker.swift */; };
		27E8238A1E5A273D009B202A /* UIViewControllerSpies.swift in Sources */ = {isa = PBXBuildFile; fileRef = 27E823891E5A273D009B202A /* UIViewControllerSpies.swift */; };
		27E823931E5A43AB009B202A /* FavoritesListDataSourceTests.swift in Sources */ = {isa = PBXBuildFile; fileRef = 27E823921E5A43AB009B202A /* FavoritesListDataSourceTests.swift */; };
		27E823951E5A4E42009B202A /* CatCell.swift in Sources */ = {isa = PBXBuildFile; fileRef = 27E823941E5A4E42009B202A /* CatCell.swift */; };
		27E823971E5A5115009B202A /* MainStoryboardTests.swift in Sources */ = {isa = PBXBuildFile; fileRef = 27E823961E5A5115009B202A /* MainStoryboardTests.swift */; };
		E87D9181992DAEA50CC83375 /* Pods_AllisonsCatPalaceTDDTests.framework in Frameworks */ = {isa = PBXBuildFile; fileRef = 594F7F2BF537A93B3382F169 /* Pods_AllisonsCatPalaceTDDTests.framework */; };
		F1F9EA499B210CE9275EF938 /* Pods_AllisonsCatPalaceTDD.framework in Frameworks */ = {isa = PBXBuildFile; fileRef = A7BADEA9B2CD90052691E3DC /* Pods_AllisonsCatPalaceTDD.framework */; };
		F41612581EB51EA600E3E6F6 /* AnimalNameCellTests.swift in Sources */ = {isa = PBXBuildFile; fileRef = F41612571EB51EA600E3E6F6 /* AnimalNameCellTests.swift */; };
		F416125A1EB5201F00E3E6F6 /* CatNameCell.xib in Resources */ = {isa = PBXBuildFile; fileRef = F41612591EB5201F00E3E6F6 /* CatNameCell.xib */; };
		F416125D1EB520D300E3E6F6 /* CatNameCell.swift in Sources */ = {isa = PBXBuildFile; fileRef = F416125C1EB520D300E3E6F6 /* CatNameCell.swift */; };
		F416125F1EB5481B00E3E6F6 /* PredicateHelper.swift in Sources */ = {isa = PBXBuildFile; fileRef = F416125E1EB5481B00E3E6F6 /* PredicateHelper.swift */; };
		F41612611EB54DB000E3E6F6 /* UITestingHelper.swift in Sources */ = {isa = PBXBuildFile; fileRef = F41612601EB54DB000E3E6F6 /* UITestingHelper.swift */; };
		F41A38801F897A6100AD2762 /* PaginationCursorTests.swift in Sources */ = {isa = PBXBuildFile; fileRef = F41A387F1F897A6100AD2762 /* PaginationCursorTests.swift */; };
		F41A38821F897B6A00AD2762 /* PaginationCursor.swift in Sources */ = {isa = PBXBuildFile; fileRef = F41A38811F897B6A00AD2762 /* PaginationCursor.swift */; };
		F41A388A1F8985E200AD2762 /* PetfinderUrlBuilderTests.swift in Sources */ = {isa = PBXBuildFile; fileRef = F41A38891F8985E200AD2762 /* PetfinderUrlBuilderTests.swift */; };
		F4238FBD1FC1068C00046EB1 /* SegueTemplates.swift in Sources */ = {isa = PBXBuildFile; fileRef = F4238FBC1FC1068C00046EB1 /* SegueTemplates.swift */; };
		F42E16C81F929B8B00FDD9BE /* PetFinderSearchParametersTests.swift in Sources */ = {isa = PBXBuildFile; fileRef = F42E16C71F929B8B00FDD9BE /* PetFinderSearchParametersTests.swift */; };
		F42E16CA1F929C5800FDD9BE /* ZipCodeTests.swift in Sources */ = {isa = PBXBuildFile; fileRef = F42E16C91F929C5800FDD9BE /* ZipCodeTests.swift */; };
		F42E16CC1F92A47700FDD9BE /* ZipCode.swift in Sources */ = {isa = PBXBuildFile; fileRef = F42E16CB1F92A47700FDD9BE /* ZipCode.swift */; };
		F42E16CF1F92AD0E00FDD9BE /* PetFinderSearchParameters.swift in Sources */ = {isa = PBXBuildFile; fileRef = F42E16CE1F92AD0E00FDD9BE /* PetFinderSearchParameters.swift */; };
		F42E16D11F92AEAF00FDD9BE /* SampleSearchParameters.swift in Sources */ = {isa = PBXBuildFile; fileRef = F42E16D01F92AEAF00FDD9BE /* SampleSearchParameters.swift */; };
		F436324D1F536A73004DF88A /* AnimalCardsViewController.swift in Sources */ = {isa = PBXBuildFile; fileRef = F436324C1F536A73004DF88A /* AnimalCardsViewController.swift */; };
		F436324F1F5371AB004DF88A /* SwipeOverlayView.swift in Sources */ = {isa = PBXBuildFile; fileRef = F436324E1F5371AB004DF88A /* SwipeOverlayView.swift */; };
		F43632511F537595004DF88A /* SwipeOverlayView.xib in Resources */ = {isa = PBXBuildFile; fileRef = F43632501F537595004DF88A /* SwipeOverlayView.xib */; };
		F43632531F538695004DF88A /* AnimalCardView.xib in Resources */ = {isa = PBXBuildFile; fileRef = F43632521F538695004DF88A /* AnimalCardView.xib */; };
		F43632551F5386E0004DF88A /* AnimalCardView.swift in Sources */ = {isa = PBXBuildFile; fileRef = F43632541F5386E0004DF88A /* AnimalCardView.swift */; };
		F43632571F53A4B3004DF88A /* SwipeOverlayViewTests.swift in Sources */ = {isa = PBXBuildFile; fileRef = F43632561F53A4B3004DF88A /* SwipeOverlayViewTests.swift */; };
		F43632591F53B091004DF88A /* AnimalCardViewTests.swift in Sources */ = {isa = PBXBuildFile; fileRef = F43632581F53B091004DF88A /* AnimalCardViewTests.swift */; };
		F436325B1F54DF58004DF88A /* AnimalCardsViewControllerTests.swift in Sources */ = {isa = PBXBuildFile; fileRef = F436325A1F54DF58004DF88A /* AnimalCardsViewControllerTests.swift */; };
		F43BC69C1F1A9CF700E025EB /* AnimalImageLocationsTests.swift in Sources */ = {isa = PBXBuildFile; fileRef = F43BC69B1F1A9CF700E025EB /* AnimalImageLocationsTests.swift */; };
		F43BC69E1F1AA26300E025EB /* AnimalImageLocations.swift in Sources */ = {isa = PBXBuildFile; fileRef = F43BC69D1F1AA26300E025EB /* AnimalImageLocations.swift */; };
		F43BC6A01F1AA5AD00E025EB /* SequenceRemovingDuplicatesTests.swift in Sources */ = {isa = PBXBuildFile; fileRef = F43BC69F1F1AA5AD00E025EB /* SequenceRemovingDuplicatesTests.swift */; };
		F43BC6A21F1AA8A400E025EB /* ArrayExtensions.swift in Sources */ = {isa = PBXBuildFile; fileRef = F43BC6A11F1AA8A400E025EB /* ArrayExtensions.swift */; };
		F43BC6A41F1AC9E400E025EB /* ExternalData.swift in Sources */ = {isa = PBXBuildFile; fileRef = F43BC6A31F1AC9E400E025EB /* ExternalData.swift */; };
		F44AEAD81FC717D500DF0A49 /* GestureRecognizerHelper.swift in Sources */ = {isa = PBXBuildFile; fileRef = F44AEAD71FC717D500DF0A49 /* GestureRecognizerHelper.swift */; };
		F4543D9C1F43C19F00F9CDE3 /* LocationControllerTests.swift in Sources */ = {isa = PBXBuildFile; fileRef = F4543D9B1F43C19F00F9CDE3 /* LocationControllerTests.swift */; };
		F4543D9E1F43C28300F9CDE3 /* LocationController.swift in Sources */ = {isa = PBXBuildFile; fileRef = F4543D9D1F43C28300F9CDE3 /* LocationController.swift */; };
		F4543DA01F43C42700F9CDE3 /* TextFieldVerifiers.swift in Sources */ = {isa = PBXBuildFile; fileRef = F4543D9F1F43C42700F9CDE3 /* TextFieldVerifiers.swift */; };
		F46539B91EFF0F580049E7FD /* PositiveIntegerTests.swift in Sources */ = {isa = PBXBuildFile; fileRef = F46539B81EFF0F580049E7FD /* PositiveIntegerTests.swift */; };
		F46539BB1EFF11430049E7FD /* PositiveInteger.swift in Sources */ = {isa = PBXBuildFile; fileRef = F46539BA1EFF11430049E7FD /* PositiveInteger.swift */; };
		F46539BD1EFF136B0049E7FD /* AnimalSizeTests.swift in Sources */ = {isa = PBXBuildFile; fileRef = F46539BC1EFF136B0049E7FD /* AnimalSizeTests.swift */; };
		F46539BF1EFF18FB0049E7FD /* AnimalSize.swift in Sources */ = {isa = PBXBuildFile; fileRef = F46539BE1EFF18FB0049E7FD /* AnimalSize.swift */; };
		F46539C11EFF1E690049E7FD /* AnimalAgeGroupTests.swift in Sources */ = {isa = PBXBuildFile; fileRef = F46539C01EFF1E690049E7FD /* AnimalAgeGroupTests.swift */; };
		F46539C31EFF1F2F0049E7FD /* AnimalAgeGroups.swift in Sources */ = {isa = PBXBuildFile; fileRef = F46539C21EFF1F2F0049E7FD /* AnimalAgeGroups.swift */; };
		F46539C51EFF24720049E7FD /* AnimalSexTests.swift in Sources */ = {isa = PBXBuildFile; fileRef = F46539C41EFF24720049E7FD /* AnimalSexTests.swift */; };
		F46539C71EFF25B10049E7FD /* AnimalSex.swift in Sources */ = {isa = PBXBuildFile; fileRef = F46539C61EFF25B10049E7FD /* AnimalSex.swift */; };
		F46539CB1EFF281D0049E7FD /* AnimalSpeciesTests.swift in Sources */ = {isa = PBXBuildFile; fileRef = F46539CA1EFF281D0049E7FD /* AnimalSpeciesTests.swift */; };
		F46539CD1EFF29A80049E7FD /* AnimalSpecies.swift in Sources */ = {isa = PBXBuildFile; fileRef = F46539CC1EFF29A80049E7FD /* AnimalSpecies.swift */; };
		F46539CF1EFF2BEE0049E7FD /* AnimalPhotoSizeTests.swift in Sources */ = {isa = PBXBuildFile; fileRef = F46539CE1EFF2BEE0049E7FD /* AnimalPhotoSizeTests.swift */; };
		F46539D11EFF2F6D0049E7FD /* AnimalPhotoSize.swift in Sources */ = {isa = PBXBuildFile; fileRef = F46539D01EFF2F6D0049E7FD /* AnimalPhotoSize.swift */; };
		F4764B391FAFB0D9007990B4 /* PetFinderSearchControllerTests.swift in Sources */ = {isa = PBXBuildFile; fileRef = F4764B381FAFB0D9007990B4 /* PetFinderSearchControllerTests.swift */; };
		F4764B3B1FAFB73B007990B4 /* FakeRegistry.swift in Sources */ = {isa = PBXBuildFile; fileRef = F4764B3A1FAFB73B007990B4 /* FakeRegistry.swift */; };
		F47D38F11FA51DB7001DBD60 /* PetFinderRecordLengthTests.swift in Sources */ = {isa = PBXBuildFile; fileRef = F47D38F01FA51DB7001DBD60 /* PetFinderRecordLengthTests.swift */; };
		F47D38F31FA51EC0001DBD60 /* PetFinderRecordLength.swift in Sources */ = {isa = PBXBuildFile; fileRef = F47D38F21FA51EC0001DBD60 /* PetFinderRecordLength.swift */; };
		F47D38F51FA5314A001DBD60 /* AnimalNetworking.swift in Sources */ = {isa = PBXBuildFile; fileRef = F47D38F41FA5314A001DBD60 /* AnimalNetworking.swift */; };
		F48AAD591F87207B00BC8081 /* RealmProtocol.swift in Sources */ = {isa = PBXBuildFile; fileRef = F48AAD581F87207B00BC8081 /* RealmProtocol.swift */; };
		F49434991FD4983A00B6EEA7 /* SpeciesSelectionIndexTests.swift in Sources */ = {isa = PBXBuildFile; fileRef = F49434981FD4983A00B6EEA7 /* SpeciesSelectionIndexTests.swift */; };
		F494349B1FD499FC00B6EEA7 /* SpeciesSelectionIndex.swift in Sources */ = {isa = PBXBuildFile; fileRef = F494349A1FD499FC00B6EEA7 /* SpeciesSelectionIndex.swift */; };
		F494349D1FD4AFCC00B6EEA7 /* LocationServicesEnabledStub.swift in Sources */ = {isa = PBXBuildFile; fileRef = F494349C1FD4AFCC00B6EEA7 /* LocationServicesEnabledStub.swift */; };
		F494349F1FD4B3D700B6EEA7 /* AuthorizationStatusStub.swift in Sources */ = {isa = PBXBuildFile; fileRef = F494349E1FD4B3D600B6EEA7 /* AuthorizationStatusStub.swift */; };
		F49434A21FD4BB8F00B6EEA7 /* UIApplicationOpenUrlSpy.swift in Sources */ = {isa = PBXBuildFile; fileRef = F49434A01FD4BB8E00B6EEA7 /* UIApplicationOpenUrlSpy.swift */; };
		F49434A31FD4BB8F00B6EEA7 /* UIApplicationCanOpenUrlStub.swift in Sources */ = {isa = PBXBuildFile; fileRef = F49434A11FD4BB8F00B6EEA7 /* UIApplicationCanOpenUrlStub.swift */; };
		F49434A51FD4BE2E00B6EEA7 /* UIAlertActionInitializerSpy.swift in Sources */ = {isa = PBXBuildFile; fileRef = F49434A41FD4BE2E00B6EEA7 /* UIAlertActionInitializerSpy.swift */; };
		F4AB68921F2D293E00CC4CC2 /* AnimalAdoptionStatusTests.swift in Sources */ = {isa = PBXBuildFile; fileRef = F4AB68911F2D293E00CC4CC2 /* AnimalAdoptionStatusTests.swift */; };
		F4AB68941F2D2CA200CC4CC2 /* AnimalAdoptionStatus.swift in Sources */ = {isa = PBXBuildFile; fileRef = F4AB68931F2D2CA200CC4CC2 /* AnimalAdoptionStatus.swift */; };
		F4AB68961F2D352700CC4CC2 /* AnimalGenotypeTests.swift in Sources */ = {isa = PBXBuildFile; fileRef = F4AB68951F2D352700CC4CC2 /* AnimalGenotypeTests.swift */; };
		F4AB68981F2D37FE00CC4CC2 /* GeneticPurityTests.swift in Sources */ = {isa = PBXBuildFile; fileRef = F4AB68971F2D37FE00CC4CC2 /* GeneticPurityTests.swift */; };
		F4AB689A1F2D39F300CC4CC2 /* GeneticPurity.swift in Sources */ = {isa = PBXBuildFile; fileRef = F4AB68991F2D39F300CC4CC2 /* GeneticPurity.swift */; };
		F4AB689C1F2D405400CC4CC2 /* AnimalGenotype.swift in Sources */ = {isa = PBXBuildFile; fileRef = F4AB689B1F2D405400CC4CC2 /* AnimalGenotype.swift */; };
		F4AB689E1F2D4D4D00CC4CC2 /* GenotypeBuilderTests.swift in Sources */ = {isa = PBXBuildFile; fileRef = F4AB689D1F2D4D4D00CC4CC2 /* GenotypeBuilderTests.swift */; };
		F4AB68A01F2D4E0400CC4CC2 /* SampleExternalGenotypeData.swift in Sources */ = {isa = PBXBuildFile; fileRef = F4AB689F1F2D4E0400CC4CC2 /* SampleExternalGenotypeData.swift */; };
		F4AB68D81F328CF300CC4CC2 /* GenotypeBuilder.swift in Sources */ = {isa = PBXBuildFile; fileRef = F4AB68D71F328CF300CC4CC2 /* GenotypeBuilder.swift */; };
		F4BE6C991F584CFE00480671 /* Persistable.swift in Sources */ = {isa = PBXBuildFile; fileRef = F4BE6C981F584CFE00480671 /* Persistable.swift */; };
		F4BE6C9B1F59C00900480671 /* RealmHelpers.swift in Sources */ = {isa = PBXBuildFile; fileRef = F4BE6C9A1F59C00900480671 /* RealmHelpers.swift */; };
		F4C52A941FAFA3D5002AD597 /* PetFinderAnimalRegistry.swift in Sources */ = {isa = PBXBuildFile; fileRef = 275D26121E511B3400FAE334 /* PetFinderAnimalRegistry.swift */; };
		F4D792671FDDCC1800D0876A /* UserLocationResolutionTests.swift in Sources */ = {isa = PBXBuildFile; fileRef = F4D792661FDDCC1800D0876A /* UserLocationResolutionTests.swift */; };
		F4D792691FDDCE3000D0876A /* UserLocationResolution.swift in Sources */ = {isa = PBXBuildFile; fileRef = F4D792681FDDCE3000D0876A /* UserLocationResolution.swift */; };
		F4D7926C1FDDD3D000D0876A /* EncodedPlacemark in Resources */ = {isa = PBXBuildFile; fileRef = F4D7926B1FDDD3CF00D0876A /* EncodedPlacemark */; };
		F4D7926E1FDDD6FC00D0876A /* SamplePlacemark.swift in Sources */ = {isa = PBXBuildFile; fileRef = F4D7926D1FDDD6FC00D0876A /* SamplePlacemark.swift */; };
		F4D792701FDDD91800D0876A /* SampleError.swift in Sources */ = {isa = PBXBuildFile; fileRef = F4D7926F1FDDD91800D0876A /* SampleError.swift */; };
		F4D792721FDF58B700D0876A /* ResolvingLocationViewTests.swift in Sources */ = {isa = PBXBuildFile; fileRef = F4D792711FDF58B700D0876A /* ResolvingLocationViewTests.swift */; };
		F4D792741FDF5C3200D0876A /* ResolvingLocationView.swift in Sources */ = {isa = PBXBuildFile; fileRef = F4D792731FDF5C3200D0876A /* ResolvingLocationView.swift */; };
		F4D792761FDF5C3D00D0876A /* ResolvingLocationView.xib in Resources */ = {isa = PBXBuildFile; fileRef = F4D792751FDF5C3D00D0876A /* ResolvingLocationView.xib */; };
		F4D792781FDF655F00D0876A /* ResolvedLocationViewTests.swift in Sources */ = {isa = PBXBuildFile; fileRef = F4D792771FDF655F00D0876A /* ResolvedLocationViewTests.swift */; };
		F4D7927A1FDF65F000D0876A /* ResolvedLocationView.swift in Sources */ = {isa = PBXBuildFile; fileRef = F4D792791FDF65F000D0876A /* ResolvedLocationView.swift */; };
		F4D7927C1FDF671F00D0876A /* ResolvedLocationView.xib in Resources */ = {isa = PBXBuildFile; fileRef = F4D7927B1FDF671F00D0876A /* ResolvedLocationView.xib */; };
		F4E68C1D1FA4FD3700EB30D5 /* PetFinderPaginationCursorTests.swift in Sources */ = {isa = PBXBuildFile; fileRef = F4E68C1C1FA4FD3700EB30D5 /* PetFinderPaginationCursorTests.swift */; };
		F4E68C1F1FA501AA00EB30D5 /* PetFinderUrlBuilder.swift in Sources */ = {isa = PBXBuildFile; fileRef = F4E68C1E1FA501AA00EB30D5 /* PetFinderUrlBuilder.swift */; };
		F4E82A3F1F507C470019F1AE /* GeocodingErrorTests.swift in Sources */ = {isa = PBXBuildFile; fileRef = F4E82A3E1F507C470019F1AE /* GeocodingErrorTests.swift */; };
		F4E82A411F507DEA0019F1AE /* GeocodingError.swift in Sources */ = {isa = PBXBuildFile; fileRef = F4E82A401F507DEA0019F1AE /* GeocodingError.swift */; };
		F4E82A431F509F4A0019F1AE /* SettingsManagerTests.swift in Sources */ = {isa = PBXBuildFile; fileRef = F4E82A421F509F4A0019F1AE /* SettingsManagerTests.swift */; };
		F4E82A451F50AC490019F1AE /* SettingsManager.swift in Sources */ = {isa = PBXBuildFile; fileRef = F4E82A441F50AC490019F1AE /* SettingsManager.swift */; };
		F4E8BE851F2407CC00F680E2 /* DataTaskResumeStub.swift in Sources */ = {isa = PBXBuildFile; fileRef = F4E8BE841F2407CC00F680E2 /* DataTaskResumeStub.swift */; };
		F4EF10D91FAFC59000E93240 /* PetFinderSearchController.swift in Sources */ = {isa = PBXBuildFile; fileRef = F4EF10D81FAFC59000E93240 /* PetFinderSearchController.swift */; };
		F4FB8EE11F410E1B006767AE /* AnimalDetailHeaderView.swift in Sources */ = {isa = PBXBuildFile; fileRef = F4FB8EE01F410E1B006767AE /* AnimalDetailHeaderView.swift */; };
		F4FB8EE31F410EAC006767AE /* AnimalDetailHeaderViewTests.swift in Sources */ = {isa = PBXBuildFile; fileRef = F4FB8EE21F410EAC006767AE /* AnimalDetailHeaderViewTests.swift */; };
		F4FB8EE51F410FA0006767AE /* AnimalDetailHeaderView.xib in Resources */ = {isa = PBXBuildFile; fileRef = F4FB8EE41F410FA0006767AE /* AnimalDetailHeaderView.xib */; };
/* End PBXBuildFile section */

/* Begin PBXContainerItemProxy section */
		276C61A71E2C062200225CF4 /* PBXContainerItemProxy */ = {
			isa = PBXContainerItemProxy;
			containerPortal = 276C618A1E2C062200225CF4 /* Project object */;
			proxyType = 1;
			remoteGlobalIDString = 276C61911E2C062200225CF4;
			remoteInfo = AllisonsCatPalaceTDD;
		};
/* End PBXContainerItemProxy section */

/* Begin PBXFileReference section */
		2700D3F41E885FE7004E77A1 /* AnimalDetailViewControllerTests.swift */ = {isa = PBXFileReference; fileEncoding = 4; lastKnownFileType = sourcecode.swift; path = AnimalDetailViewControllerTests.swift; sourceTree = "<group>"; };
		2700D3F61E88642D004E77A1 /* CatDetailController.swift */ = {isa = PBXFileReference; fileEncoding = 4; lastKnownFileType = sourcecode.swift; path = CatDetailController.swift; sourceTree = "<group>"; };
		270A6AE21E3E700C00B12D38 /* URLSessionSpies.swift */ = {isa = PBXFileReference; fileEncoding = 4; lastKnownFileType = sourcecode.swift; path = URLSessionSpies.swift; sourceTree = "<group>"; };
		270A6AE41E3E70CD00B12D38 /* URLSessionDataTaskSpies.swift */ = {isa = PBXFileReference; fileEncoding = 4; lastKnownFileType = sourcecode.swift; path = URLSessionDataTaskSpies.swift; sourceTree = "<group>"; };
		270A6AE81E3E7BAB00B12D38 /* Box.swift */ = {isa = PBXFileReference; fileEncoding = 4; lastKnownFileType = sourcecode.swift; path = Box.swift; sourceTree = "<group>"; };
		270A6AEA1E3E7DB000B12D38 /* ResultTests.swift */ = {isa = PBXFileReference; fileEncoding = 4; lastKnownFileType = sourcecode.swift; path = ResultTests.swift; sourceTree = "<group>"; };
		270A6AEC1E3E7F7800B12D38 /* Result.swift */ = {isa = PBXFileReference; fileEncoding = 4; lastKnownFileType = sourcecode.swift; path = Result.swift; sourceTree = "<group>"; };
		270A6AEE1E3E85BE00B12D38 /* NetworkTestingConstants.swift */ = {isa = PBXFileReference; fileEncoding = 4; lastKnownFileType = sourcecode.swift; path = NetworkTestingConstants.swift; sourceTree = "<group>"; };
		270A6AF21E3E981100B12D38 /* AnimalNetworkErrorTests.swift */ = {isa = PBXFileReference; fileEncoding = 4; lastKnownFileType = sourcecode.swift; path = AnimalNetworkErrorTests.swift; sourceTree = "<group>"; };
		270A6AF41E3E9D3800B12D38 /* AnimalNetworkError.swift */ = {isa = PBXFileReference; fileEncoding = 4; lastKnownFileType = sourcecode.swift; path = AnimalNetworkError.swift; sourceTree = "<group>"; };
		270A6AF61E3EA9A000B12D38 /* SampleExternalAnimalData.swift */ = {isa = PBXFileReference; fileEncoding = 4; lastKnownFileType = sourcecode.swift; path = SampleExternalAnimalData.swift; sourceTree = "<group>"; };
		270FE1D91E748E22006126B2 /* SampleCats.swift */ = {isa = PBXFileReference; fileEncoding = 4; lastKnownFileType = sourcecode.swift; path = SampleCats.swift; sourceTree = "<group>"; };
		270FE1DB1E749E0E006126B2 /* ImageProviderExtensions.swift */ = {isa = PBXFileReference; fileEncoding = 4; lastKnownFileType = sourcecode.swift; path = ImageProviderExtensions.swift; sourceTree = "<group>"; };
		275D260E1E5106D800FAE334 /* PetFinderAnimalRegistryTests.swift */ = {isa = PBXFileReference; fileEncoding = 4; lastKnownFileType = sourcecode.swift; path = PetFinderAnimalRegistryTests.swift; sourceTree = "<group>"; };
		275D26121E511B3400FAE334 /* PetFinderAnimalRegistry.swift */ = {isa = PBXFileReference; fileEncoding = 4; lastKnownFileType = sourcecode.swift; path = PetFinderAnimalRegistry.swift; sourceTree = "<group>"; };
		275D26141E5125D100FAE334 /* FavoritesListControllerTests.swift */ = {isa = PBXFileReference; fileEncoding = 4; lastKnownFileType = sourcecode.swift; path = FavoritesListControllerTests.swift; sourceTree = "<group>"; };
		275D26161E512F5E00FAE334 /* FavoritesListController.swift */ = {isa = PBXFileReference; fileEncoding = 4; lastKnownFileType = sourcecode.swift; path = FavoritesListController.swift; sourceTree = "<group>"; };
		2767E37C1E62679600A7C5F9 /* ImageProviderTests.swift */ = {isa = PBXFileReference; fileEncoding = 4; lastKnownFileType = sourcecode.swift; path = ImageProviderTests.swift; sourceTree = "<group>"; };
		2767E37E1E6269B900A7C5F9 /* ImageProvider.swift */ = {isa = PBXFileReference; fileEncoding = 4; lastKnownFileType = sourcecode.swift; path = ImageProvider.swift; sourceTree = "<group>"; };
		276C61921E2C062200225CF4 /* AllisonsCatPalaceTDD.app */ = {isa = PBXFileReference; explicitFileType = wrapper.application; includeInIndex = 0; path = AllisonsCatPalaceTDD.app; sourceTree = BUILT_PRODUCTS_DIR; };
		276C61951E2C062200225CF4 /* AppDelegate.swift */ = {isa = PBXFileReference; lastKnownFileType = sourcecode.swift; path = AppDelegate.swift; sourceTree = "<group>"; };
		276C619C1E2C062200225CF4 /* Assets.xcassets */ = {isa = PBXFileReference; lastKnownFileType = folder.assetcatalog; path = Assets.xcassets; sourceTree = "<group>"; };
		276C619F1E2C062200225CF4 /* Base */ = {isa = PBXFileReference; lastKnownFileType = file.storyboard; name = Base; path = Base.lproj/LaunchScreen.storyboard; sourceTree = "<group>"; };
		276C61A11E2C062200225CF4 /* Info.plist */ = {isa = PBXFileReference; lastKnownFileType = text.plist.xml; path = Info.plist; sourceTree = "<group>"; };
		276C61A61E2C062200225CF4 /* AllisonsCatPalaceTDDTests.xctest */ = {isa = PBXFileReference; explicitFileType = wrapper.cfbundle; includeInIndex = 0; path = AllisonsCatPalaceTDDTests.xctest; sourceTree = BUILT_PRODUCTS_DIR; };
		276C61AC1E2C062200225CF4 /* Info.plist */ = {isa = PBXFileReference; lastKnownFileType = text.plist.xml; path = Info.plist; sourceTree = "<group>"; };
		276C61B51E2C068900225CF4 /* AppDelegateTests.swift */ = {isa = PBXFileReference; fileEncoding = 4; lastKnownFileType = sourcecode.swift; path = AppDelegateTests.swift; sourceTree = "<group>"; };
		276C61B71E2C0A1900225CF4 /* Main.storyboard */ = {isa = PBXFileReference; fileEncoding = 4; lastKnownFileType = file.storyboard; path = Main.storyboard; sourceTree = "<group>"; };
		276C61BB1E2C183300225CF4 /* ExternalAnimal.swift */ = {isa = PBXFileReference; fileEncoding = 4; lastKnownFileType = sourcecode.swift; path = ExternalAnimal.swift; sourceTree = "<group>"; };
		276C61BF1E2C1AFF00225CF4 /* AnimalTests.swift */ = {isa = PBXFileReference; fileEncoding = 4; lastKnownFileType = sourcecode.swift; path = AnimalTests.swift; sourceTree = "<group>"; };
		276C61C11E2C1C0E00225CF4 /* Animal.swift */ = {isa = PBXFileReference; fileEncoding = 4; lastKnownFileType = sourcecode.swift; path = Animal.swift; sourceTree = "<group>"; };
		276C61C31E2C1D8600225CF4 /* AnimalBuilderTests.swift */ = {isa = PBXFileReference; fileEncoding = 4; lastKnownFileType = sourcecode.swift; path = AnimalBuilderTests.swift; sourceTree = "<group>"; };
		276C61C51E2D728800225CF4 /* AnimalBuilder.swift */ = {isa = PBXFileReference; fileEncoding = 4; lastKnownFileType = sourcecode.swift; path = AnimalBuilder.swift; sourceTree = "<group>"; };
		277199111E33F45B00930630 /* PetFinderNetworkerTests.swift */ = {isa = PBXFileReference; fileEncoding = 4; lastKnownFileType = sourcecode.swift; path = PetFinderNetworkerTests.swift; sourceTree = "<group>"; };
		277199131E34002300930630 /* PetFinderNetworker.swift */ = {isa = PBXFileReference; fileEncoding = 4; lastKnownFileType = sourcecode.swift; path = PetFinderNetworker.swift; sourceTree = "<group>"; };
		27E823891E5A273D009B202A /* UIViewControllerSpies.swift */ = {isa = PBXFileReference; fileEncoding = 4; lastKnownFileType = sourcecode.swift; path = UIViewControllerSpies.swift; sourceTree = "<group>"; };
		27E823921E5A43AB009B202A /* FavoritesListDataSourceTests.swift */ = {isa = PBXFileReference; fileEncoding = 4; lastKnownFileType = sourcecode.swift; path = FavoritesListDataSourceTests.swift; sourceTree = "<group>"; };
		27E823941E5A4E42009B202A /* CatCell.swift */ = {isa = PBXFileReference; fileEncoding = 4; lastKnownFileType = sourcecode.swift; path = CatCell.swift; sourceTree = "<group>"; };
		27E823961E5A5115009B202A /* MainStoryboardTests.swift */ = {isa = PBXFileReference; fileEncoding = 4; lastKnownFileType = sourcecode.swift; path = MainStoryboardTests.swift; sourceTree = "<group>"; };
		339F8D923A691D8422D19E85 /* Pods-AllisonsCatPalaceTDD.debug.xcconfig */ = {isa = PBXFileReference; includeInIndex = 1; lastKnownFileType = text.xcconfig; name = "Pods-AllisonsCatPalaceTDD.debug.xcconfig"; path = "Pods/Target Support Files/Pods-AllisonsCatPalaceTDD/Pods-AllisonsCatPalaceTDD.debug.xcconfig"; sourceTree = "<group>"; };
		594F7F2BF537A93B3382F169 /* Pods_AllisonsCatPalaceTDDTests.framework */ = {isa = PBXFileReference; explicitFileType = wrapper.framework; includeInIndex = 0; path = Pods_AllisonsCatPalaceTDDTests.framework; sourceTree = BUILT_PRODUCTS_DIR; };
		75C842F7519FA5465CF58554 /* Pods-AllisonsCatPalaceTDDTests.release.xcconfig */ = {isa = PBXFileReference; includeInIndex = 1; lastKnownFileType = text.xcconfig; name = "Pods-AllisonsCatPalaceTDDTests.release.xcconfig"; path = "Pods/Target Support Files/Pods-AllisonsCatPalaceTDDTests/Pods-AllisonsCatPalaceTDDTests.release.xcconfig"; sourceTree = "<group>"; };
		7875B590B29305AC1493953A /* Pods-AllisonsCatPalaceTDDTests.debug.xcconfig */ = {isa = PBXFileReference; includeInIndex = 1; lastKnownFileType = text.xcconfig; name = "Pods-AllisonsCatPalaceTDDTests.debug.xcconfig"; path = "Pods/Target Support Files/Pods-AllisonsCatPalaceTDDTests/Pods-AllisonsCatPalaceTDDTests.debug.xcconfig"; sourceTree = "<group>"; };
		8337DA1BFB7A3226D3410B0F /* Pods-AllisonsCatPalaceTDD.release.xcconfig */ = {isa = PBXFileReference; includeInIndex = 1; lastKnownFileType = text.xcconfig; name = "Pods-AllisonsCatPalaceTDD.release.xcconfig"; path = "Pods/Target Support Files/Pods-AllisonsCatPalaceTDD/Pods-AllisonsCatPalaceTDD.release.xcconfig"; sourceTree = "<group>"; };
		A7BADEA9B2CD90052691E3DC /* Pods_AllisonsCatPalaceTDD.framework */ = {isa = PBXFileReference; explicitFileType = wrapper.framework; includeInIndex = 0; path = Pods_AllisonsCatPalaceTDD.framework; sourceTree = BUILT_PRODUCTS_DIR; };
		F41612571EB51EA600E3E6F6 /* AnimalNameCellTests.swift */ = {isa = PBXFileReference; fileEncoding = 4; lastKnownFileType = sourcecode.swift; path = AnimalNameCellTests.swift; sourceTree = "<group>"; };
		F41612591EB5201F00E3E6F6 /* CatNameCell.xib */ = {isa = PBXFileReference; fileEncoding = 4; lastKnownFileType = file.xib; path = CatNameCell.xib; sourceTree = "<group>"; };
		F416125C1EB520D300E3E6F6 /* CatNameCell.swift */ = {isa = PBXFileReference; fileEncoding = 4; lastKnownFileType = sourcecode.swift; path = CatNameCell.swift; sourceTree = "<group>"; };
		F416125E1EB5481B00E3E6F6 /* PredicateHelper.swift */ = {isa = PBXFileReference; fileEncoding = 4; lastKnownFileType = sourcecode.swift; path = PredicateHelper.swift; sourceTree = "<group>"; };
		F41612601EB54DB000E3E6F6 /* UITestingHelper.swift */ = {isa = PBXFileReference; fileEncoding = 4; lastKnownFileType = sourcecode.swift; path = UITestingHelper.swift; sourceTree = "<group>"; };
		F41A387F1F897A6100AD2762 /* PaginationCursorTests.swift */ = {isa = PBXFileReference; lastKnownFileType = sourcecode.swift; path = PaginationCursorTests.swift; sourceTree = "<group>"; };
		F41A38811F897B6A00AD2762 /* PaginationCursor.swift */ = {isa = PBXFileReference; lastKnownFileType = sourcecode.swift; path = PaginationCursor.swift; sourceTree = "<group>"; };
		F41A38891F8985E200AD2762 /* PetfinderUrlBuilderTests.swift */ = {isa = PBXFileReference; lastKnownFileType = sourcecode.swift; path = PetfinderUrlBuilderTests.swift; sourceTree = "<group>"; };
		F4238FBC1FC1068C00046EB1 /* SegueTemplates.swift */ = {isa = PBXFileReference; fileEncoding = 4; lastKnownFileType = sourcecode.swift; path = SegueTemplates.swift; sourceTree = "<group>"; };
		F42E16C71F929B8B00FDD9BE /* PetFinderSearchParametersTests.swift */ = {isa = PBXFileReference; lastKnownFileType = sourcecode.swift; path = PetFinderSearchParametersTests.swift; sourceTree = "<group>"; };
		F42E16C91F929C5800FDD9BE /* ZipCodeTests.swift */ = {isa = PBXFileReference; lastKnownFileType = sourcecode.swift; path = ZipCodeTests.swift; sourceTree = "<group>"; };
		F42E16CB1F92A47700FDD9BE /* ZipCode.swift */ = {isa = PBXFileReference; lastKnownFileType = sourcecode.swift; path = ZipCode.swift; sourceTree = "<group>"; };
		F42E16CE1F92AD0E00FDD9BE /* PetFinderSearchParameters.swift */ = {isa = PBXFileReference; lastKnownFileType = sourcecode.swift; path = PetFinderSearchParameters.swift; sourceTree = "<group>"; };
		F42E16D01F92AEAF00FDD9BE /* SampleSearchParameters.swift */ = {isa = PBXFileReference; lastKnownFileType = sourcecode.swift; path = SampleSearchParameters.swift; sourceTree = "<group>"; };
		F436324C1F536A73004DF88A /* AnimalCardsViewController.swift */ = {isa = PBXFileReference; fileEncoding = 4; lastKnownFileType = sourcecode.swift; path = AnimalCardsViewController.swift; sourceTree = "<group>"; };
		F436324E1F5371AB004DF88A /* SwipeOverlayView.swift */ = {isa = PBXFileReference; fileEncoding = 4; lastKnownFileType = sourcecode.swift; path = SwipeOverlayView.swift; sourceTree = "<group>"; };
		F43632501F537595004DF88A /* SwipeOverlayView.xib */ = {isa = PBXFileReference; fileEncoding = 4; lastKnownFileType = file.xib; path = SwipeOverlayView.xib; sourceTree = "<group>"; };
		F43632521F538695004DF88A /* AnimalCardView.xib */ = {isa = PBXFileReference; fileEncoding = 4; lastKnownFileType = file.xib; path = AnimalCardView.xib; sourceTree = "<group>"; };
		F43632541F5386E0004DF88A /* AnimalCardView.swift */ = {isa = PBXFileReference; fileEncoding = 4; lastKnownFileType = sourcecode.swift; path = AnimalCardView.swift; sourceTree = "<group>"; };
		F43632561F53A4B3004DF88A /* SwipeOverlayViewTests.swift */ = {isa = PBXFileReference; fileEncoding = 4; lastKnownFileType = sourcecode.swift; path = SwipeOverlayViewTests.swift; sourceTree = "<group>"; };
		F43632581F53B091004DF88A /* AnimalCardViewTests.swift */ = {isa = PBXFileReference; fileEncoding = 4; lastKnownFileType = sourcecode.swift; path = AnimalCardViewTests.swift; sourceTree = "<group>"; };
		F436325A1F54DF58004DF88A /* AnimalCardsViewControllerTests.swift */ = {isa = PBXFileReference; fileEncoding = 4; lastKnownFileType = sourcecode.swift; path = AnimalCardsViewControllerTests.swift; sourceTree = "<group>"; };
		F43BC69B1F1A9CF700E025EB /* AnimalImageLocationsTests.swift */ = {isa = PBXFileReference; fileEncoding = 4; lastKnownFileType = sourcecode.swift; path = AnimalImageLocationsTests.swift; sourceTree = "<group>"; };
		F43BC69D1F1AA26300E025EB /* AnimalImageLocations.swift */ = {isa = PBXFileReference; fileEncoding = 4; lastKnownFileType = sourcecode.swift; path = AnimalImageLocations.swift; sourceTree = "<group>"; };
		F43BC69F1F1AA5AD00E025EB /* SequenceRemovingDuplicatesTests.swift */ = {isa = PBXFileReference; fileEncoding = 4; lastKnownFileType = sourcecode.swift; path = SequenceRemovingDuplicatesTests.swift; sourceTree = "<group>"; };
		F43BC6A11F1AA8A400E025EB /* ArrayExtensions.swift */ = {isa = PBXFileReference; fileEncoding = 4; lastKnownFileType = sourcecode.swift; path = ArrayExtensions.swift; sourceTree = "<group>"; };
		F43BC6A31F1AC9E400E025EB /* ExternalData.swift */ = {isa = PBXFileReference; fileEncoding = 4; lastKnownFileType = sourcecode.swift; path = ExternalData.swift; sourceTree = "<group>"; };
		F44AEAD71FC717D500DF0A49 /* GestureRecognizerHelper.swift */ = {isa = PBXFileReference; lastKnownFileType = sourcecode.swift; path = GestureRecognizerHelper.swift; sourceTree = "<group>"; };
		F4543D9B1F43C19F00F9CDE3 /* LocationControllerTests.swift */ = {isa = PBXFileReference; fileEncoding = 4; lastKnownFileType = sourcecode.swift; path = LocationControllerTests.swift; sourceTree = "<group>"; };
		F4543D9D1F43C28300F9CDE3 /* LocationController.swift */ = {isa = PBXFileReference; fileEncoding = 4; lastKnownFileType = sourcecode.swift; path = LocationController.swift; sourceTree = "<group>"; };
		F4543D9F1F43C42700F9CDE3 /* TextFieldVerifiers.swift */ = {isa = PBXFileReference; fileEncoding = 4; lastKnownFileType = sourcecode.swift; path = TextFieldVerifiers.swift; sourceTree = "<group>"; };
		F46539B81EFF0F580049E7FD /* PositiveIntegerTests.swift */ = {isa = PBXFileReference; fileEncoding = 4; lastKnownFileType = sourcecode.swift; path = PositiveIntegerTests.swift; sourceTree = "<group>"; };
		F46539BA1EFF11430049E7FD /* PositiveInteger.swift */ = {isa = PBXFileReference; fileEncoding = 4; lastKnownFileType = sourcecode.swift; path = PositiveInteger.swift; sourceTree = "<group>"; };
		F46539BC1EFF136B0049E7FD /* AnimalSizeTests.swift */ = {isa = PBXFileReference; fileEncoding = 4; lastKnownFileType = sourcecode.swift; path = AnimalSizeTests.swift; sourceTree = "<group>"; };
		F46539BE1EFF18FB0049E7FD /* AnimalSize.swift */ = {isa = PBXFileReference; fileEncoding = 4; lastKnownFileType = sourcecode.swift; path = AnimalSize.swift; sourceTree = "<group>"; };
		F46539C01EFF1E690049E7FD /* AnimalAgeGroupTests.swift */ = {isa = PBXFileReference; fileEncoding = 4; lastKnownFileType = sourcecode.swift; path = AnimalAgeGroupTests.swift; sourceTree = "<group>"; };
		F46539C21EFF1F2F0049E7FD /* AnimalAgeGroups.swift */ = {isa = PBXFileReference; fileEncoding = 4; lastKnownFileType = sourcecode.swift; path = AnimalAgeGroups.swift; sourceTree = "<group>"; };
		F46539C41EFF24720049E7FD /* AnimalSexTests.swift */ = {isa = PBXFileReference; fileEncoding = 4; lastKnownFileType = sourcecode.swift; path = AnimalSexTests.swift; sourceTree = "<group>"; };
		F46539C61EFF25B10049E7FD /* AnimalSex.swift */ = {isa = PBXFileReference; fileEncoding = 4; lastKnownFileType = sourcecode.swift; path = AnimalSex.swift; sourceTree = "<group>"; };
		F46539CA1EFF281D0049E7FD /* AnimalSpeciesTests.swift */ = {isa = PBXFileReference; fileEncoding = 4; lastKnownFileType = sourcecode.swift; path = AnimalSpeciesTests.swift; sourceTree = "<group>"; };
		F46539CC1EFF29A80049E7FD /* AnimalSpecies.swift */ = {isa = PBXFileReference; fileEncoding = 4; lastKnownFileType = sourcecode.swift; path = AnimalSpecies.swift; sourceTree = "<group>"; };
		F46539CE1EFF2BEE0049E7FD /* AnimalPhotoSizeTests.swift */ = {isa = PBXFileReference; fileEncoding = 4; lastKnownFileType = sourcecode.swift; path = AnimalPhotoSizeTests.swift; sourceTree = "<group>"; };
		F46539D01EFF2F6D0049E7FD /* AnimalPhotoSize.swift */ = {isa = PBXFileReference; fileEncoding = 4; lastKnownFileType = sourcecode.swift; path = AnimalPhotoSize.swift; sourceTree = "<group>"; };
		F4764B381FAFB0D9007990B4 /* PetFinderSearchControllerTests.swift */ = {isa = PBXFileReference; lastKnownFileType = sourcecode.swift; path = PetFinderSearchControllerTests.swift; sourceTree = "<group>"; };
		F4764B3A1FAFB73B007990B4 /* FakeRegistry.swift */ = {isa = PBXFileReference; lastKnownFileType = sourcecode.swift; path = FakeRegistry.swift; sourceTree = "<group>"; };
		F47D38F01FA51DB7001DBD60 /* PetFinderRecordLengthTests.swift */ = {isa = PBXFileReference; lastKnownFileType = sourcecode.swift; path = PetFinderRecordLengthTests.swift; sourceTree = "<group>"; };
		F47D38F21FA51EC0001DBD60 /* PetFinderRecordLength.swift */ = {isa = PBXFileReference; lastKnownFileType = sourcecode.swift; path = PetFinderRecordLength.swift; sourceTree = "<group>"; };
		F47D38F41FA5314A001DBD60 /* AnimalNetworking.swift */ = {isa = PBXFileReference; lastKnownFileType = sourcecode.swift; path = AnimalNetworking.swift; sourceTree = "<group>"; };
		F48AAD581F87207B00BC8081 /* RealmProtocol.swift */ = {isa = PBXFileReference; lastKnownFileType = sourcecode.swift; path = RealmProtocol.swift; sourceTree = "<group>"; };
		F49434981FD4983A00B6EEA7 /* SpeciesSelectionIndexTests.swift */ = {isa = PBXFileReference; lastKnownFileType = sourcecode.swift; path = SpeciesSelectionIndexTests.swift; sourceTree = "<group>"; };
		F494349A1FD499FC00B6EEA7 /* SpeciesSelectionIndex.swift */ = {isa = PBXFileReference; lastKnownFileType = sourcecode.swift; path = SpeciesSelectionIndex.swift; sourceTree = "<group>"; };
		F494349C1FD4AFCC00B6EEA7 /* LocationServicesEnabledStub.swift */ = {isa = PBXFileReference; lastKnownFileType = sourcecode.swift; path = LocationServicesEnabledStub.swift; sourceTree = "<group>"; };
		F494349E1FD4B3D600B6EEA7 /* AuthorizationStatusStub.swift */ = {isa = PBXFileReference; fileEncoding = 4; lastKnownFileType = sourcecode.swift; path = AuthorizationStatusStub.swift; sourceTree = "<group>"; };
		F49434A01FD4BB8E00B6EEA7 /* UIApplicationOpenUrlSpy.swift */ = {isa = PBXFileReference; fileEncoding = 4; lastKnownFileType = sourcecode.swift; path = UIApplicationOpenUrlSpy.swift; sourceTree = "<group>"; };
		F49434A11FD4BB8F00B6EEA7 /* UIApplicationCanOpenUrlStub.swift */ = {isa = PBXFileReference; fileEncoding = 4; lastKnownFileType = sourcecode.swift; path = UIApplicationCanOpenUrlStub.swift; sourceTree = "<group>"; };
		F49434A41FD4BE2E00B6EEA7 /* UIAlertActionInitializerSpy.swift */ = {isa = PBXFileReference; fileEncoding = 4; lastKnownFileType = sourcecode.swift; path = UIAlertActionInitializerSpy.swift; sourceTree = "<group>"; };
		F4AB68911F2D293E00CC4CC2 /* AnimalAdoptionStatusTests.swift */ = {isa = PBXFileReference; fileEncoding = 4; lastKnownFileType = sourcecode.swift; path = AnimalAdoptionStatusTests.swift; sourceTree = "<group>"; };
		F4AB68931F2D2CA200CC4CC2 /* AnimalAdoptionStatus.swift */ = {isa = PBXFileReference; fileEncoding = 4; lastKnownFileType = sourcecode.swift; path = AnimalAdoptionStatus.swift; sourceTree = "<group>"; };
		F4AB68951F2D352700CC4CC2 /* AnimalGenotypeTests.swift */ = {isa = PBXFileReference; fileEncoding = 4; lastKnownFileType = sourcecode.swift; path = AnimalGenotypeTests.swift; sourceTree = "<group>"; };
		F4AB68971F2D37FE00CC4CC2 /* GeneticPurityTests.swift */ = {isa = PBXFileReference; fileEncoding = 4; lastKnownFileType = sourcecode.swift; path = GeneticPurityTests.swift; sourceTree = "<group>"; };
		F4AB68991F2D39F300CC4CC2 /* GeneticPurity.swift */ = {isa = PBXFileReference; fileEncoding = 4; lastKnownFileType = sourcecode.swift; path = GeneticPurity.swift; sourceTree = "<group>"; };
		F4AB689B1F2D405400CC4CC2 /* AnimalGenotype.swift */ = {isa = PBXFileReference; fileEncoding = 4; lastKnownFileType = sourcecode.swift; path = AnimalGenotype.swift; sourceTree = "<group>"; };
		F4AB689D1F2D4D4D00CC4CC2 /* GenotypeBuilderTests.swift */ = {isa = PBXFileReference; fileEncoding = 4; lastKnownFileType = sourcecode.swift; path = GenotypeBuilderTests.swift; sourceTree = "<group>"; };
		F4AB689F1F2D4E0400CC4CC2 /* SampleExternalGenotypeData.swift */ = {isa = PBXFileReference; fileEncoding = 4; lastKnownFileType = sourcecode.swift; path = SampleExternalGenotypeData.swift; sourceTree = "<group>"; };
		F4AB68D71F328CF300CC4CC2 /* GenotypeBuilder.swift */ = {isa = PBXFileReference; fileEncoding = 4; lastKnownFileType = sourcecode.swift; path = GenotypeBuilder.swift; sourceTree = "<group>"; };
		F4BE6C981F584CFE00480671 /* Persistable.swift */ = {isa = PBXFileReference; fileEncoding = 4; lastKnownFileType = sourcecode.swift; path = Persistable.swift; sourceTree = "<group>"; };
		F4BE6C9A1F59C00900480671 /* RealmHelpers.swift */ = {isa = PBXFileReference; fileEncoding = 4; lastKnownFileType = sourcecode.swift; path = RealmHelpers.swift; sourceTree = "<group>"; };
		F4D792661FDDCC1800D0876A /* UserLocationResolutionTests.swift */ = {isa = PBXFileReference; lastKnownFileType = sourcecode.swift; path = UserLocationResolutionTests.swift; sourceTree = "<group>"; };
		F4D792681FDDCE3000D0876A /* UserLocationResolution.swift */ = {isa = PBXFileReference; lastKnownFileType = sourcecode.swift; path = UserLocationResolution.swift; sourceTree = "<group>"; };
		F4D7926B1FDDD3CF00D0876A /* EncodedPlacemark */ = {isa = PBXFileReference; lastKnownFileType = file.bplist; path = EncodedPlacemark; sourceTree = "<group>"; };
		F4D7926D1FDDD6FC00D0876A /* SamplePlacemark.swift */ = {isa = PBXFileReference; lastKnownFileType = sourcecode.swift; path = SamplePlacemark.swift; sourceTree = "<group>"; };
		F4D7926F1FDDD91800D0876A /* SampleError.swift */ = {isa = PBXFileReference; lastKnownFileType = sourcecode.swift; path = SampleError.swift; sourceTree = "<group>"; };
		F4D792711FDF58B700D0876A /* ResolvingLocationViewTests.swift */ = {isa = PBXFileReference; lastKnownFileType = sourcecode.swift; path = ResolvingLocationViewTests.swift; sourceTree = "<group>"; };
		F4D792731FDF5C3200D0876A /* ResolvingLocationView.swift */ = {isa = PBXFileReference; lastKnownFileType = sourcecode.swift; path = ResolvingLocationView.swift; sourceTree = "<group>"; };
		F4D792751FDF5C3D00D0876A /* ResolvingLocationView.xib */ = {isa = PBXFileReference; lastKnownFileType = file.xib; path = ResolvingLocationView.xib; sourceTree = "<group>"; };
		F4D792771FDF655F00D0876A /* ResolvedLocationViewTests.swift */ = {isa = PBXFileReference; lastKnownFileType = sourcecode.swift; path = ResolvedLocationViewTests.swift; sourceTree = "<group>"; };
		F4D792791FDF65F000D0876A /* ResolvedLocationView.swift */ = {isa = PBXFileReference; lastKnownFileType = sourcecode.swift; path = ResolvedLocationView.swift; sourceTree = "<group>"; };
		F4D7927B1FDF671F00D0876A /* ResolvedLocationView.xib */ = {isa = PBXFileReference; lastKnownFileType = file.xib; path = ResolvedLocationView.xib; sourceTree = "<group>"; };
		F4E68C1C1FA4FD3700EB30D5 /* PetFinderPaginationCursorTests.swift */ = {isa = PBXFileReference; lastKnownFileType = sourcecode.swift; path = PetFinderPaginationCursorTests.swift; sourceTree = "<group>"; };
		F4E68C1E1FA501AA00EB30D5 /* PetFinderUrlBuilder.swift */ = {isa = PBXFileReference; lastKnownFileType = sourcecode.swift; path = PetFinderUrlBuilder.swift; sourceTree = "<group>"; };
		F4E82A3E1F507C470019F1AE /* GeocodingErrorTests.swift */ = {isa = PBXFileReference; fileEncoding = 4; lastKnownFileType = sourcecode.swift; path = GeocodingErrorTests.swift; sourceTree = "<group>"; };
		F4E82A401F507DEA0019F1AE /* GeocodingError.swift */ = {isa = PBXFileReference; fileEncoding = 4; lastKnownFileType = sourcecode.swift; path = GeocodingError.swift; sourceTree = "<group>"; };
		F4E82A421F509F4A0019F1AE /* SettingsManagerTests.swift */ = {isa = PBXFileReference; fileEncoding = 4; lastKnownFileType = sourcecode.swift; path = SettingsManagerTests.swift; sourceTree = "<group>"; };
		F4E82A441F50AC490019F1AE /* SettingsManager.swift */ = {isa = PBXFileReference; fileEncoding = 4; lastKnownFileType = sourcecode.swift; path = SettingsManager.swift; sourceTree = "<group>"; };
		F4E8BE841F2407CC00F680E2 /* DataTaskResumeStub.swift */ = {isa = PBXFileReference; fileEncoding = 4; lastKnownFileType = sourcecode.swift; path = DataTaskResumeStub.swift; sourceTree = "<group>"; };
		F4EF10D81FAFC59000E93240 /* PetFinderSearchController.swift */ = {isa = PBXFileReference; lastKnownFileType = sourcecode.swift; path = PetFinderSearchController.swift; sourceTree = "<group>"; };
		F4FB8EE01F410E1B006767AE /* AnimalDetailHeaderView.swift */ = {isa = PBXFileReference; fileEncoding = 4; lastKnownFileType = sourcecode.swift; path = AnimalDetailHeaderView.swift; sourceTree = "<group>"; };
		F4FB8EE21F410EAC006767AE /* AnimalDetailHeaderViewTests.swift */ = {isa = PBXFileReference; fileEncoding = 4; lastKnownFileType = sourcecode.swift; path = AnimalDetailHeaderViewTests.swift; sourceTree = "<group>"; };
		F4FB8EE41F410FA0006767AE /* AnimalDetailHeaderView.xib */ = {isa = PBXFileReference; fileEncoding = 4; lastKnownFileType = file.xib; path = AnimalDetailHeaderView.xib; sourceTree = "<group>"; };
/* End PBXFileReference section */

/* Begin PBXFrameworksBuildPhase section */
		276C618F1E2C062200225CF4 /* Frameworks */ = {
			isa = PBXFrameworksBuildPhase;
			buildActionMask = 2147483647;
			files = (
				F1F9EA499B210CE9275EF938 /* Pods_AllisonsCatPalaceTDD.framework in Frameworks */,
			);
			runOnlyForDeploymentPostprocessing = 0;
		};
		276C61A31E2C062200225CF4 /* Frameworks */ = {
			isa = PBXFrameworksBuildPhase;
			buildActionMask = 2147483647;
			files = (
				E87D9181992DAEA50CC83375 /* Pods_AllisonsCatPalaceTDDTests.framework in Frameworks */,
			);
			runOnlyForDeploymentPostprocessing = 0;
		};
/* End PBXFrameworksBuildPhase section */

/* Begin PBXGroup section */
		1504518299AACDE0795BE59E /* Pods */ = {
			isa = PBXGroup;
			children = (
				339F8D923A691D8422D19E85 /* Pods-AllisonsCatPalaceTDD.debug.xcconfig */,
				8337DA1BFB7A3226D3410B0F /* Pods-AllisonsCatPalaceTDD.release.xcconfig */,
				7875B590B29305AC1493953A /* Pods-AllisonsCatPalaceTDDTests.debug.xcconfig */,
				75C842F7519FA5465CF58554 /* Pods-AllisonsCatPalaceTDDTests.release.xcconfig */,
			);
			name = Pods;
			sourceTree = "<group>";
		};
		2719FBED1E7F137300D3D79A /* Models */ = {
			isa = PBXGroup;
			children = (
				276C61C11E2C1C0E00225CF4 /* Animal.swift */,
				F4AB68931F2D2CA200CC4CC2 /* AnimalAdoptionStatus.swift */,
				F46539C21EFF1F2F0049E7FD /* AnimalAgeGroups.swift */,
				276C61C51E2D728800225CF4 /* AnimalBuilder.swift */,
				F4AB689B1F2D405400CC4CC2 /* AnimalGenotype.swift */,
				F43BC69D1F1AA26300E025EB /* AnimalImageLocations.swift */,
				F46539D01EFF2F6D0049E7FD /* AnimalPhotoSize.swift */,
				F46539C61EFF25B10049E7FD /* AnimalSex.swift */,
				F46539BE1EFF18FB0049E7FD /* AnimalSize.swift */,
				F46539CC1EFF29A80049E7FD /* AnimalSpecies.swift */,
				276C61BB1E2C183300225CF4 /* ExternalAnimal.swift */,
				F43BC6A31F1AC9E400E025EB /* ExternalData.swift */,
				F4AB68991F2D39F300CC4CC2 /* GeneticPurity.swift */,
				F4AB68D71F328CF300CC4CC2 /* GenotypeBuilder.swift */,
				F46539BA1EFF11430049E7FD /* PositiveInteger.swift */,
				F494349A1FD499FC00B6EEA7 /* SpeciesSelectionIndex.swift */,
				F4D792681FDDCE3000D0876A /* UserLocationResolution.swift */,
				F42E16CB1F92A47700FDD9BE /* ZipCode.swift */,
			);
			path = Models;
			sourceTree = "<group>";
		};
		276C61891E2C062200225CF4 = {
			isa = PBXGroup;
			children = (
				276C61941E2C062200225CF4 /* AllisonsCatPalaceTDD */,
				276C61A91E2C062200225CF4 /* AllisonsCatPalaceTDDTests */,
				DF6C4F3818B80176C43FE384 /* Frameworks */,
				1504518299AACDE0795BE59E /* Pods */,
				276C61931E2C062200225CF4 /* Products */,
			);
			sourceTree = "<group>";
		};
		276C61931E2C062200225CF4 /* Products */ = {
			isa = PBXGroup;
			children = (
				276C61921E2C062200225CF4 /* AllisonsCatPalaceTDD.app */,
				276C61A61E2C062200225CF4 /* AllisonsCatPalaceTDDTests.xctest */,
			);
			name = Products;
			sourceTree = "<group>";
		};
		276C61941E2C062200225CF4 /* AllisonsCatPalaceTDD */ = {
			isa = PBXGroup;
			children = (
				F416125B1EB5202700E3E6F6 /* Cells */,
				2719FBED1E7F137300D3D79A /* Models */,
				F41A38861F89844300AD2762 /* Networking */,
				F41A38851F8983F200AD2762 /* Persistence */,
				F41A38881F89852500AD2762 /* Resources */,
				F41A38871F89846C00AD2762 /* System */,
				F41A38831F89838800AD2762 /* User Interface */,
				276C61951E2C062200225CF4 /* AppDelegate.swift */,
				276C61A11E2C062200225CF4 /* Info.plist */,
			);
			path = AllisonsCatPalaceTDD;
			sourceTree = "<group>";
		};
		276C61A91E2C062200225CF4 /* AllisonsCatPalaceTDDTests */ = {
			isa = PBXGroup;
			children = (
				277199151E35636A00930630 /* Helpers */,
				F4D7926A1FDDD3CF00D0876A /* SampleData */,
				F4AB68911F2D293E00CC4CC2 /* AnimalAdoptionStatusTests.swift */,
				F46539C01EFF1E690049E7FD /* AnimalAgeGroupTests.swift */,
				276C61C31E2C1D8600225CF4 /* AnimalBuilderTests.swift */,
				F43632581F53B091004DF88A /* AnimalCardViewTests.swift */,
				F436325A1F54DF58004DF88A /* AnimalCardsViewControllerTests.swift */,
				F4FB8EE21F410EAC006767AE /* AnimalDetailHeaderViewTests.swift */,
				2700D3F41E885FE7004E77A1 /* AnimalDetailViewControllerTests.swift */,
				F4AB68951F2D352700CC4CC2 /* AnimalGenotypeTests.swift */,
				F43BC69B1F1A9CF700E025EB /* AnimalImageLocationsTests.swift */,
				F41612571EB51EA600E3E6F6 /* AnimalNameCellTests.swift */,
				270A6AF21E3E981100B12D38 /* AnimalNetworkErrorTests.swift */,
				F46539CE1EFF2BEE0049E7FD /* AnimalPhotoSizeTests.swift */,
				F46539C41EFF24720049E7FD /* AnimalSexTests.swift */,
				F46539BC1EFF136B0049E7FD /* AnimalSizeTests.swift */,
				F46539CA1EFF281D0049E7FD /* AnimalSpeciesTests.swift */,
				276C61BF1E2C1AFF00225CF4 /* AnimalTests.swift */,
				276C61B51E2C068900225CF4 /* AppDelegateTests.swift */,
				275D26141E5125D100FAE334 /* FavoritesListControllerTests.swift */,
				27E823921E5A43AB009B202A /* FavoritesListDataSourceTests.swift */,
				F4AB68971F2D37FE00CC4CC2 /* GeneticPurityTests.swift */,
				F4AB689D1F2D4D4D00CC4CC2 /* GenotypeBuilderTests.swift */,
				F4E82A3E1F507C470019F1AE /* GeocodingErrorTests.swift */,
				2767E37C1E62679600A7C5F9 /* ImageProviderTests.swift */,
				276C61AC1E2C062200225CF4 /* Info.plist */,
				F4543D9B1F43C19F00F9CDE3 /* LocationControllerTests.swift */,
				27E823961E5A5115009B202A /* MainStoryboardTests.swift */,
				F41A387F1F897A6100AD2762 /* PaginationCursorTests.swift */,
				275D260E1E5106D800FAE334 /* PetFinderAnimalRegistryTests.swift */,
				277199111E33F45B00930630 /* PetFinderNetworkerTests.swift */,
				F4E68C1C1FA4FD3700EB30D5 /* PetFinderPaginationCursorTests.swift */,
				F47D38F01FA51DB7001DBD60 /* PetFinderRecordLengthTests.swift */,
				F4764B381FAFB0D9007990B4 /* PetFinderSearchControllerTests.swift */,
				F42E16C71F929B8B00FDD9BE /* PetFinderSearchParametersTests.swift */,
				F41A38891F8985E200AD2762 /* PetfinderUrlBuilderTests.swift */,
				F46539B81EFF0F580049E7FD /* PositiveIntegerTests.swift */,
				F4D792771FDF655F00D0876A /* ResolvedLocationViewTests.swift */,
				F4D792711FDF58B700D0876A /* ResolvingLocationViewTests.swift */,
				270A6AEA1E3E7DB000B12D38 /* ResultTests.swift */,
				F43BC69F1F1AA5AD00E025EB /* SequenceRemovingDuplicatesTests.swift */,
				F4E82A421F509F4A0019F1AE /* SettingsManagerTests.swift */,
				F49434981FD4983A00B6EEA7 /* SpeciesSelectionIndexTests.swift */,
				F43632561F53A4B3004DF88A /* SwipeOverlayViewTests.swift */,
				F4D792661FDDCC1800D0876A /* UserLocationResolutionTests.swift */,
				F42E16C91F929C5800FDD9BE /* ZipCodeTests.swift */,
			);
			path = AllisonsCatPalaceTDDTests;
			sourceTree = "<group>";
		};
		277199151E35636A00930630 /* Helpers */ = {
			isa = PBXGroup;
			children = (
				F494349E1FD4B3D600B6EEA7 /* AuthorizationStatusStub.swift */,
				270A6AE81E3E7BAB00B12D38 /* Box.swift */,
				F4E8BE841F2407CC00F680E2 /* DataTaskResumeStub.swift */,
				F4764B3A1FAFB73B007990B4 /* FakeRegistry.swift */,
				F44AEAD71FC717D500DF0A49 /* GestureRecognizerHelper.swift */,
				270FE1DB1E749E0E006126B2 /* ImageProviderExtensions.swift */,
				F494349C1FD4AFCC00B6EEA7 /* LocationServicesEnabledStub.swift */,
				270A6AEE1E3E85BE00B12D38 /* NetworkTestingConstants.swift */,
				F416125E1EB5481B00E3E6F6 /* PredicateHelper.swift */,
				F4BE6C9A1F59C00900480671 /* RealmHelpers.swift */,
				270FE1D91E748E22006126B2 /* SampleCats.swift */,
				270A6AF61E3EA9A000B12D38 /* SampleExternalAnimalData.swift */,
				F4AB689F1F2D4E0400CC4CC2 /* SampleExternalGenotypeData.swift */,
				F42E16D01F92AEAF00FDD9BE /* SampleSearchParameters.swift */,
				F4238FBC1FC1068C00046EB1 /* SegueTemplates.swift */,
				F4543D9F1F43C42700F9CDE3 /* TextFieldVerifiers.swift */,
				F49434A41FD4BE2E00B6EEA7 /* UIAlertActionInitializerSpy.swift */,
				F49434A11FD4BB8F00B6EEA7 /* UIApplicationCanOpenUrlStub.swift */,
				F49434A01FD4BB8E00B6EEA7 /* UIApplicationOpenUrlSpy.swift */,
				F41612601EB54DB000E3E6F6 /* UITestingHelper.swift */,
				27E823891E5A273D009B202A /* UIViewControllerSpies.swift */,
				270A6AE41E3E70CD00B12D38 /* URLSessionDataTaskSpies.swift */,
				270A6AE21E3E700C00B12D38 /* URLSessionSpies.swift */,
			);
			path = Helpers;
			sourceTree = "<group>";
		};
		DF6C4F3818B80176C43FE384 /* Frameworks */ = {
			isa = PBXGroup;
			children = (
				A7BADEA9B2CD90052691E3DC /* Pods_AllisonsCatPalaceTDD.framework */,
				594F7F2BF537A93B3382F169 /* Pods_AllisonsCatPalaceTDDTests.framework */,
			);
			name = Frameworks;
			sourceTree = "<group>";
		};
		F416125B1EB5202700E3E6F6 /* Cells */ = {
			isa = PBXGroup;
			children = (
				27E823941E5A4E42009B202A /* CatCell.swift */,
				F416125C1EB520D300E3E6F6 /* CatNameCell.swift */,
				F41612591EB5201F00E3E6F6 /* CatNameCell.xib */,
			);
			path = Cells;
			sourceTree = "<group>";
		};
		F41A38831F89838800AD2762 /* User Interface */ = {
			isa = PBXGroup;
			children = (
				F41A38841F8983C300AD2762 /* Views */,
				F436324C1F536A73004DF88A /* AnimalCardsViewController.swift */,
				2700D3F61E88642D004E77A1 /* CatDetailController.swift */,
				275D26161E512F5E00FAE334 /* FavoritesListController.swift */,
				276C619E1E2C062200225CF4 /* LaunchScreen.storyboard */,
				F4543D9D1F43C28300F9CDE3 /* LocationController.swift */,
				276C61B71E2C0A1900225CF4 /* Main.storyboard */,
			);
			path = "User Interface";
			sourceTree = "<group>";
		};
		F41A38841F8983C300AD2762 /* Views */ = {
			isa = PBXGroup;
			children = (
				F43632541F5386E0004DF88A /* AnimalCardView.swift */,
				F43632521F538695004DF88A /* AnimalCardView.xib */,
				F4FB8EE01F410E1B006767AE /* AnimalDetailHeaderView.swift */,
				F4FB8EE41F410FA0006767AE /* AnimalDetailHeaderView.xib */,
				F4D792791FDF65F000D0876A /* ResolvedLocationView.swift */,
				F4D7927B1FDF671F00D0876A /* ResolvedLocationView.xib */,
				F4D792731FDF5C3200D0876A /* ResolvingLocationView.swift */,
				F4D792751FDF5C3D00D0876A /* ResolvingLocationView.xib */,
				F436324E1F5371AB004DF88A /* SwipeOverlayView.swift */,
				F43632501F537595004DF88A /* SwipeOverlayView.xib */,
			);
			path = Views;
			sourceTree = "<group>";
		};
		F41A38851F8983F200AD2762 /* Persistence */ = {
			isa = PBXGroup;
			children = (
				F4BE6C981F584CFE00480671 /* Persistable.swift */,
				F48AAD581F87207B00BC8081 /* RealmProtocol.swift */,
				F4E82A441F50AC490019F1AE /* SettingsManager.swift */,
			);
			path = Persistence;
			sourceTree = "<group>";
		};
		F41A38861F89844300AD2762 /* Networking */ = {
			isa = PBXGroup;
			children = (
				F42E16CD1F92ACF600FDD9BE /* Models */,
				270A6AF41E3E9D3800B12D38 /* AnimalNetworkError.swift */,
				F47D38F41FA5314A001DBD60 /* AnimalNetworking.swift */,
				F4E82A401F507DEA0019F1AE /* GeocodingError.swift */,
				2767E37E1E6269B900A7C5F9 /* ImageProvider.swift */,
				F41A38811F897B6A00AD2762 /* PaginationCursor.swift */,
				275D26121E511B3400FAE334 /* PetFinderAnimalRegistry.swift */,
				277199131E34002300930630 /* PetFinderNetworker.swift */,
				F4E68C1E1FA501AA00EB30D5 /* PetFinderUrlBuilder.swift */,
				270A6AEC1E3E7F7800B12D38 /* Result.swift */,
			);
			path = Networking;
			sourceTree = "<group>";
		};
		F41A38871F89846C00AD2762 /* System */ = {
			isa = PBXGroup;
			children = (
				F43BC6A11F1AA8A400E025EB /* ArrayExtensions.swift */,
			);
			path = System;
			sourceTree = "<group>";
		};
		F41A38881F89852500AD2762 /* Resources */ = {
			isa = PBXGroup;
			children = (
				276C619C1E2C062200225CF4 /* Assets.xcassets */,
			);
			path = Resources;
			sourceTree = "<group>";
		};
		F42E16CD1F92ACF600FDD9BE /* Models */ = {
			isa = PBXGroup;
			children = (
				F47D38F21FA51EC0001DBD60 /* PetFinderRecordLength.swift */,
				F4EF10D81FAFC59000E93240 /* PetFinderSearchController.swift */,
				F42E16CE1F92AD0E00FDD9BE /* PetFinderSearchParameters.swift */,
			);
			path = Models;
			sourceTree = "<group>";
		};
		F4D7926A1FDDD3CF00D0876A /* SampleData */ = {
			isa = PBXGroup;
			children = (
				F4D7926B1FDDD3CF00D0876A /* EncodedPlacemark */,
				F4D7926F1FDDD91800D0876A /* SampleError.swift */,
				F4D7926D1FDDD6FC00D0876A /* SamplePlacemark.swift */,
			);
			path = SampleData;
			sourceTree = "<group>";
		};
/* End PBXGroup section */

/* Begin PBXNativeTarget section */
		276C61911E2C062200225CF4 /* AllisonsCatPalaceTDD */ = {
			isa = PBXNativeTarget;
			buildConfigurationList = 276C61AF1E2C062200225CF4 /* Build configuration list for PBXNativeTarget "AllisonsCatPalaceTDD" */;
			buildPhases = (
				1C82A52FDC39115F786D9FBF /* [CP] Check Pods Manifest.lock */,
				276C618E1E2C062200225CF4 /* Sources */,
				276C618F1E2C062200225CF4 /* Frameworks */,
				276C61901E2C062200225CF4 /* Resources */,
				864ABF7A7ADBD45ACA7E15F3 /* [CP] Embed Pods Frameworks */,
				4F2DA9DB8157F35D616F85AC /* [CP] Copy Pods Resources */,
			);
			buildRules = (
			);
			dependencies = (
			);
			name = AllisonsCatPalaceTDD;
			productName = AllisonsCatPalaceTDD;
			productReference = 276C61921E2C062200225CF4 /* AllisonsCatPalaceTDD.app */;
			productType = "com.apple.product-type.application";
		};
		276C61A51E2C062200225CF4 /* AllisonsCatPalaceTDDTests */ = {
			isa = PBXNativeTarget;
			buildConfigurationList = 276C61B21E2C062200225CF4 /* Build configuration list for PBXNativeTarget "AllisonsCatPalaceTDDTests" */;
			buildPhases = (
				6DD4DB03D52BCF41C2DC42A3 /* [CP] Check Pods Manifest.lock */,
				276C61A21E2C062200225CF4 /* Sources */,
				276C61A31E2C062200225CF4 /* Frameworks */,
				276C61A41E2C062200225CF4 /* Resources */,
				269D626E8A31B0642E6A670B /* [CP] Embed Pods Frameworks */,
				6EA954CA3A1DCE9ACE6E7EE5 /* [CP] Copy Pods Resources */,
			);
			buildRules = (
			);
			dependencies = (
				276C61A81E2C062200225CF4 /* PBXTargetDependency */,
			);
			name = AllisonsCatPalaceTDDTests;
			productName = AllisonsCatPalaceTDDTests;
			productReference = 276C61A61E2C062200225CF4 /* AllisonsCatPalaceTDDTests.xctest */;
			productType = "com.apple.product-type.bundle.unit-test";
		};
/* End PBXNativeTarget section */

/* Begin PBXProject section */
		276C618A1E2C062200225CF4 /* Project object */ = {
			isa = PBXProject;
			attributes = {
				LastSwiftUpdateCheck = 0820;
				LastUpgradeCheck = 0820;
				ORGANIZATIONNAME = Joesus;
				TargetAttributes = {
					276C61911E2C062200225CF4 = {
						CreatedOnToolsVersion = 8.2.1;
						DevelopmentTeam = NEL58AT86X;
						ProvisioningStyle = Automatic;
					};
					276C61A51E2C062200225CF4 = {
						CreatedOnToolsVersion = 8.2.1;
						DevelopmentTeam = NEL58AT86X;
						ProvisioningStyle = Automatic;
						TestTargetID = 276C61911E2C062200225CF4;
					};
				};
			};
			buildConfigurationList = 276C618D1E2C062200225CF4 /* Build configuration list for PBXProject "AllisonsCatPalaceTDD" */;
			compatibilityVersion = "Xcode 3.2";
			developmentRegion = English;
			hasScannedForEncodings = 0;
			knownRegions = (
				en,
				Base,
			);
			mainGroup = 276C61891E2C062200225CF4;
			productRefGroup = 276C61931E2C062200225CF4 /* Products */;
			projectDirPath = "";
			projectRoot = "";
			targets = (
				276C61911E2C062200225CF4 /* AllisonsCatPalaceTDD */,
				276C61A51E2C062200225CF4 /* AllisonsCatPalaceTDDTests */,
			);
		};
/* End PBXProject section */

/* Begin PBXResourcesBuildPhase section */
		276C61901E2C062200225CF4 /* Resources */ = {
			isa = PBXResourcesBuildPhase;
			buildActionMask = 2147483647;
			files = (
				276C61B81E2C0A1900225CF4 /* Main.storyboard in Resources */,
				F43632511F537595004DF88A /* SwipeOverlayView.xib in Resources */,
				F416125A1EB5201F00E3E6F6 /* CatNameCell.xib in Resources */,
				F4D7927C1FDF671F00D0876A /* ResolvedLocationView.xib in Resources */,
				276C61A01E2C062200225CF4 /* LaunchScreen.storyboard in Resources */,
				F4FB8EE51F410FA0006767AE /* AnimalDetailHeaderView.xib in Resources */,
				F43632531F538695004DF88A /* AnimalCardView.xib in Resources */,
				276C619D1E2C062200225CF4 /* Assets.xcassets in Resources */,
				F4D792761FDF5C3D00D0876A /* ResolvingLocationView.xib in Resources */,
			);
			runOnlyForDeploymentPostprocessing = 0;
		};
		276C61A41E2C062200225CF4 /* Resources */ = {
			isa = PBXResourcesBuildPhase;
			buildActionMask = 2147483647;
			files = (
				F4D7926C1FDDD3D000D0876A /* EncodedPlacemark in Resources */,
			);
			runOnlyForDeploymentPostprocessing = 0;
		};
/* End PBXResourcesBuildPhase section */

/* Begin PBXShellScriptBuildPhase section */
		1C82A52FDC39115F786D9FBF /* [CP] Check Pods Manifest.lock */ = {
			isa = PBXShellScriptBuildPhase;
			buildActionMask = 2147483647;
			files = (
			);
			inputPaths = (
			);
			name = "[CP] Check Pods Manifest.lock";
			outputPaths = (
			);
			runOnlyForDeploymentPostprocessing = 0;
			shellPath = /bin/sh;
			shellScript = "diff \"${PODS_PODFILE_DIR_PATH}/Podfile.lock\" \"${PODS_ROOT}/Manifest.lock\" > /dev/null\nif [ $? != 0 ] ; then\n    # print error to STDERR\n    echo \"error: The sandbox is not in sync with the Podfile.lock. Run 'pod install' or update your CocoaPods installation.\" >&2\n    exit 1\nfi\n";
			showEnvVarsInLog = 0;
		};
		269D626E8A31B0642E6A670B /* [CP] Embed Pods Frameworks */ = {
			isa = PBXShellScriptBuildPhase;
			buildActionMask = 2147483647;
			files = (
			);
			inputPaths = (
			);
			name = "[CP] Embed Pods Frameworks";
			outputPaths = (
			);
			runOnlyForDeploymentPostprocessing = 0;
			shellPath = /bin/sh;
			shellScript = "\"${SRCROOT}/Pods/Target Support Files/Pods-AllisonsCatPalaceTDDTests/Pods-AllisonsCatPalaceTDDTests-frameworks.sh\"\n";
			showEnvVarsInLog = 0;
		};
		4F2DA9DB8157F35D616F85AC /* [CP] Copy Pods Resources */ = {
			isa = PBXShellScriptBuildPhase;
			buildActionMask = 2147483647;
			files = (
			);
			inputPaths = (
			);
			name = "[CP] Copy Pods Resources";
			outputPaths = (
			);
			runOnlyForDeploymentPostprocessing = 0;
			shellPath = /bin/sh;
			shellScript = "\"${SRCROOT}/Pods/Target Support Files/Pods-AllisonsCatPalaceTDD/Pods-AllisonsCatPalaceTDD-resources.sh\"\n";
			showEnvVarsInLog = 0;
		};
		6DD4DB03D52BCF41C2DC42A3 /* [CP] Check Pods Manifest.lock */ = {
			isa = PBXShellScriptBuildPhase;
			buildActionMask = 2147483647;
			files = (
			);
			inputPaths = (
			);
			name = "[CP] Check Pods Manifest.lock";
			outputPaths = (
			);
			runOnlyForDeploymentPostprocessing = 0;
			shellPath = /bin/sh;
			shellScript = "diff \"${PODS_PODFILE_DIR_PATH}/Podfile.lock\" \"${PODS_ROOT}/Manifest.lock\" > /dev/null\nif [ $? != 0 ] ; then\n    # print error to STDERR\n    echo \"error: The sandbox is not in sync with the Podfile.lock. Run 'pod install' or update your CocoaPods installation.\" >&2\n    exit 1\nfi\n";
			showEnvVarsInLog = 0;
		};
		6EA954CA3A1DCE9ACE6E7EE5 /* [CP] Copy Pods Resources */ = {
			isa = PBXShellScriptBuildPhase;
			buildActionMask = 2147483647;
			files = (
			);
			inputPaths = (
			);
			name = "[CP] Copy Pods Resources";
			outputPaths = (
			);
			runOnlyForDeploymentPostprocessing = 0;
			shellPath = /bin/sh;
			shellScript = "\"${SRCROOT}/Pods/Target Support Files/Pods-AllisonsCatPalaceTDDTests/Pods-AllisonsCatPalaceTDDTests-resources.sh\"\n";
			showEnvVarsInLog = 0;
		};
		864ABF7A7ADBD45ACA7E15F3 /* [CP] Embed Pods Frameworks */ = {
			isa = PBXShellScriptBuildPhase;
			buildActionMask = 2147483647;
			files = (
			);
			inputPaths = (
			);
			name = "[CP] Embed Pods Frameworks";
			outputPaths = (
			);
			runOnlyForDeploymentPostprocessing = 0;
			shellPath = /bin/sh;
			shellScript = "\"${SRCROOT}/Pods/Target Support Files/Pods-AllisonsCatPalaceTDD/Pods-AllisonsCatPalaceTDD-frameworks.sh\"\n";
			showEnvVarsInLog = 0;
		};
/* End PBXShellScriptBuildPhase section */

/* Begin PBXSourcesBuildPhase section */
		276C618E1E2C062200225CF4 /* Sources */ = {
			isa = PBXSourcesBuildPhase;
			buildActionMask = 2147483647;
			files = (
				F436324F1F5371AB004DF88A /* SwipeOverlayView.swift in Sources */,
				270A6AED1E3E7F7800B12D38 /* Result.swift in Sources */,
				F41A38821F897B6A00AD2762 /* PaginationCursor.swift in Sources */,
				F4D792691FDDCE3000D0876A /* UserLocationResolution.swift in Sources */,
				2767E37F1E6269B900A7C5F9 /* ImageProvider.swift in Sources */,
				F436324D1F536A73004DF88A /* AnimalCardsViewController.swift in Sources */,
				F4D792741FDF5C3200D0876A /* ResolvingLocationView.swift in Sources */,
				276C61961E2C062200225CF4 /* AppDelegate.swift in Sources */,
				F416125D1EB520D300E3E6F6 /* CatNameCell.swift in Sources */,
				F4FB8EE11F410E1B006767AE /* AnimalDetailHeaderView.swift in Sources */,
				270A6AF51E3E9D3800B12D38 /* AnimalNetworkError.swift in Sources */,
				F4BE6C991F584CFE00480671 /* Persistable.swift in Sources */,
				F43BC6A21F1AA8A400E025EB /* ArrayExtensions.swift in Sources */,
				F4D7927A1FDF65F000D0876A /* ResolvedLocationView.swift in Sources */,
				277199141E34002300930630 /* PetFinderNetworker.swift in Sources */,
				F4EF10D91FAFC59000E93240 /* PetFinderSearchController.swift in Sources */,
				F494349B1FD499FC00B6EEA7 /* SpeciesSelectionIndex.swift in Sources */,
				276C61BC1E2C183300225CF4 /* ExternalAnimal.swift in Sources */,
				F4AB68D81F328CF300CC4CC2 /* GenotypeBuilder.swift in Sources */,
				F43BC6A41F1AC9E400E025EB /* ExternalData.swift in Sources */,
				F46539BB1EFF11430049E7FD /* PositiveInteger.swift in Sources */,
				2700D3F71E88642D004E77A1 /* CatDetailController.swift in Sources */,
				F4AB68941F2D2CA200CC4CC2 /* AnimalAdoptionStatus.swift in Sources */,
				F46539D11EFF2F6D0049E7FD /* AnimalPhotoSize.swift in Sources */,
				F43632551F5386E0004DF88A /* AnimalCardView.swift in Sources */,
				F48AAD591F87207B00BC8081 /* RealmProtocol.swift in Sources */,
				F4E68C1F1FA501AA00EB30D5 /* PetFinderUrlBuilder.swift in Sources */,
				27E823951E5A4E42009B202A /* CatCell.swift in Sources */,
				F46539C71EFF25B10049E7FD /* AnimalSex.swift in Sources */,
				275D26171E512F5E00FAE334 /* FavoritesListController.swift in Sources */,
				F43BC69E1F1AA26300E025EB /* AnimalImageLocations.swift in Sources */,
				F46539C31EFF1F2F0049E7FD /* AnimalAgeGroups.swift in Sources */,
				F4C52A941FAFA3D5002AD597 /* PetFinderAnimalRegistry.swift in Sources */,
				276C61C61E2D728800225CF4 /* AnimalBuilder.swift in Sources */,
				F4AB689A1F2D39F300CC4CC2 /* GeneticPurity.swift in Sources */,
				F42E16CF1F92AD0E00FDD9BE /* PetFinderSearchParameters.swift in Sources */,
				F42E16CC1F92A47700FDD9BE /* ZipCode.swift in Sources */,
				F47D38F31FA51EC0001DBD60 /* PetFinderRecordLength.swift in Sources */,
				F4E82A411F507DEA0019F1AE /* GeocodingError.swift in Sources */,
				F4AB689C1F2D405400CC4CC2 /* AnimalGenotype.swift in Sources */,
				F46539BF1EFF18FB0049E7FD /* AnimalSize.swift in Sources */,
				F47D38F51FA5314A001DBD60 /* AnimalNetworking.swift in Sources */,
				F4E82A451F50AC490019F1AE /* SettingsManager.swift in Sources */,
				276C61C21E2C1C0E00225CF4 /* Animal.swift in Sources */,
				F4543D9E1F43C28300F9CDE3 /* LocationController.swift in Sources */,
				F46539CD1EFF29A80049E7FD /* AnimalSpecies.swift in Sources */,
			);
			runOnlyForDeploymentPostprocessing = 0;
		};
		276C61A21E2C062200225CF4 /* Sources */ = {
			isa = PBXSourcesBuildPhase;
			buildActionMask = 2147483647;
			files = (
				F4FB8EE31F410EAC006767AE /* AnimalDetailHeaderViewTests.swift in Sources */,
				F4BE6C9B1F59C00900480671 /* RealmHelpers.swift in Sources */,
				F4AB68921F2D293E00CC4CC2 /* AnimalAdoptionStatusTests.swift in Sources */,
				F4D792671FDDCC1800D0876A /* UserLocationResolutionTests.swift in Sources */,
				276C61B61E2C068900225CF4 /* AppDelegateTests.swift in Sources */,
				F49434A51FD4BE2E00B6EEA7 /* UIAlertActionInitializerSpy.swift in Sources */,
				F4D792701FDDD91800D0876A /* SampleError.swift in Sources */,
				F46539C51EFF24720049E7FD /* AnimalSexTests.swift in Sources */,
				F4E8BE851F2407CC00F680E2 /* DataTaskResumeStub.swift in Sources */,
				F42E16C81F929B8B00FDD9BE /* PetFinderSearchParametersTests.swift in Sources */,
				F4764B391FAFB0D9007990B4 /* PetFinderSearchControllerTests.swift in Sources */,
				F43632591F53B091004DF88A /* AnimalCardViewTests.swift in Sources */,
				27E8238A1E5A273D009B202A /* UIViewControllerSpies.swift in Sources */,
				F4543DA01F43C42700F9CDE3 /* TextFieldVerifiers.swift in Sources */,
				F49434A21FD4BB8F00B6EEA7 /* UIApplicationOpenUrlSpy.swift in Sources */,
				F4D7926E1FDDD6FC00D0876A /* SamplePlacemark.swift in Sources */,
				F42E16D11F92AEAF00FDD9BE /* SampleSearchParameters.swift in Sources */,
				F46539CF1EFF2BEE0049E7FD /* AnimalPhotoSizeTests.swift in Sources */,
				270A6AF31E3E981100B12D38 /* AnimalNetworkErrorTests.swift in Sources */,
				F4AB68961F2D352700CC4CC2 /* AnimalGenotypeTests.swift in Sources */,
				270A6AE91E3E7BAB00B12D38 /* Box.swift in Sources */,
				F44AEAD81FC717D500DF0A49 /* GestureRecognizerHelper.swift in Sources */,
				F4AB689E1F2D4D4D00CC4CC2 /* GenotypeBuilderTests.swift in Sources */,
				276C61C01E2C1AFF00225CF4 /* AnimalTests.swift in Sources */,
				F43632571F53A4B3004DF88A /* SwipeOverlayViewTests.swift in Sources */,
				F49434A31FD4BB8F00B6EEA7 /* UIApplicationCanOpenUrlStub.swift in Sources */,
				F49434991FD4983A00B6EEA7 /* SpeciesSelectionIndexTests.swift in Sources */,
				F41A38801F897A6100AD2762 /* PaginationCursorTests.swift in Sources */,
				F4E68C1D1FA4FD3700EB30D5 /* PetFinderPaginationCursorTests.swift in Sources */,
				270A6AE31E3E700C00B12D38 /* URLSessionSpies.swift in Sources */,
				F46539B91EFF0F580049E7FD /* PositiveIntegerTests.swift in Sources */,
				277199121E33F45B00930630 /* PetFinderNetworkerTests.swift in Sources */,
				F41612611EB54DB000E3E6F6 /* UITestingHelper.swift in Sources */,
				270A6AEF1E3E85BE00B12D38 /* NetworkTestingConstants.swift in Sources */,
				2767E37D1E62679600A7C5F9 /* ImageProviderTests.swift in Sources */,
				F43BC69C1F1A9CF700E025EB /* AnimalImageLocationsTests.swift in Sources */,
				F4543D9C1F43C19F00F9CDE3 /* LocationControllerTests.swift in Sources */,
				F494349D1FD4AFCC00B6EEA7 /* LocationServicesEnabledStub.swift in Sources */,
				F43BC6A01F1AA5AD00E025EB /* SequenceRemovingDuplicatesTests.swift in Sources */,
				F416125F1EB5481B00E3E6F6 /* PredicateHelper.swift in Sources */,
				F4238FBD1FC1068C00046EB1 /* SegueTemplates.swift in Sources */,
				F4D792781FDF655F00D0876A /* ResolvedLocationViewTests.swift in Sources */,
				27E823971E5A5115009B202A /* MainStoryboardTests.swift in Sources */,
				F4D792721FDF58B700D0876A /* ResolvingLocationViewTests.swift in Sources */,
				270FE1DC1E749E0E006126B2 /* ImageProviderExtensions.swift in Sources */,
				275D26151E5125D100FAE334 /* FavoritesListControllerTests.swift in Sources */,
				F4E82A431F509F4A0019F1AE /* SettingsManagerTests.swift in Sources */,
				F494349F1FD4B3D700B6EEA7 /* AuthorizationStatusStub.swift in Sources */,
				270FE1DA1E748E22006126B2 /* SampleCats.swift in Sources */,
				F4764B3B1FAFB73B007990B4 /* FakeRegistry.swift in Sources */,
				F47D38F11FA51DB7001DBD60 /* PetFinderRecordLengthTests.swift in Sources */,
				F4AB68A01F2D4E0400CC4CC2 /* SampleExternalGenotypeData.swift in Sources */,
				27E823931E5A43AB009B202A /* FavoritesListDataSourceTests.swift in Sources */,
				F41A388A1F8985E200AD2762 /* PetfinderUrlBuilderTests.swift in Sources */,
				270A6AE51E3E70CD00B12D38 /* URLSessionDataTaskSpies.swift in Sources */,
				270A6AEB1E3E7DB000B12D38 /* ResultTests.swift in Sources */,
				F42E16CA1F929C5800FDD9BE /* ZipCodeTests.swift in Sources */,
				F46539BD1EFF136B0049E7FD /* AnimalSizeTests.swift in Sources */,
				F436325B1F54DF58004DF88A /* AnimalCardsViewControllerTests.swift in Sources */,
				F4E82A3F1F507C470019F1AE /* GeocodingErrorTests.swift in Sources */,
				275D260F1E5106D800FAE334 /* PetFinderAnimalRegistryTests.swift in Sources */,
				F46539C11EFF1E690049E7FD /* AnimalAgeGroupTests.swift in Sources */,
				F4AB68981F2D37FE00CC4CC2 /* GeneticPurityTests.swift in Sources */,
				276C61C41E2C1D8600225CF4 /* AnimalBuilderTests.swift in Sources */,
				F41612581EB51EA600E3E6F6 /* AnimalNameCellTests.swift in Sources */,
				F46539CB1EFF281D0049E7FD /* AnimalSpeciesTests.swift in Sources */,
				2700D3F51E885FE7004E77A1 /* AnimalDetailViewControllerTests.swift in Sources */,
				270A6AF71E3EA9A000B12D38 /* SampleExternalAnimalData.swift in Sources */,
			);
			runOnlyForDeploymentPostprocessing = 0;
		};
/* End PBXSourcesBuildPhase section */

/* Begin PBXTargetDependency section */
		276C61A81E2C062200225CF4 /* PBXTargetDependency */ = {
			isa = PBXTargetDependency;
			target = 276C61911E2C062200225CF4 /* AllisonsCatPalaceTDD */;
			targetProxy = 276C61A71E2C062200225CF4 /* PBXContainerItemProxy */;
		};
/* End PBXTargetDependency section */

/* Begin PBXVariantGroup section */
		276C619E1E2C062200225CF4 /* LaunchScreen.storyboard */ = {
			isa = PBXVariantGroup;
			children = (
				276C619F1E2C062200225CF4 /* Base */,
			);
			name = LaunchScreen.storyboard;
			path = .;
			sourceTree = "<group>";
		};
/* End PBXVariantGroup section */

/* Begin XCBuildConfiguration section */
		276C61AD1E2C062200225CF4 /* Debug */ = {
			isa = XCBuildConfiguration;
			buildSettings = {
				ALWAYS_SEARCH_USER_PATHS = NO;
				CLANG_ANALYZER_NONNULL = YES;
				CLANG_CXX_LANGUAGE_STANDARD = "gnu++0x";
				CLANG_CXX_LIBRARY = "libc++";
				CLANG_ENABLE_MODULES = YES;
				CLANG_ENABLE_OBJC_ARC = YES;
				CLANG_WARN_BOOL_CONVERSION = YES;
				CLANG_WARN_CONSTANT_CONVERSION = YES;
				CLANG_WARN_DIRECT_OBJC_ISA_USAGE = YES_ERROR;
				CLANG_WARN_DOCUMENTATION_COMMENTS = YES;
				CLANG_WARN_EMPTY_BODY = YES;
				CLANG_WARN_ENUM_CONVERSION = YES;
				CLANG_WARN_INFINITE_RECURSION = YES;
				CLANG_WARN_INT_CONVERSION = YES;
				CLANG_WARN_OBJC_ROOT_CLASS = YES_ERROR;
				CLANG_WARN_SUSPICIOUS_MOVE = YES;
				CLANG_WARN_UNREACHABLE_CODE = YES;
				CLANG_WARN__DUPLICATE_METHOD_MATCH = YES;
				"CODE_SIGN_IDENTITY[sdk=iphoneos*]" = "iPhone Developer";
				COPY_PHASE_STRIP = NO;
				DEBUG_INFORMATION_FORMAT = dwarf;
				DEFINES_MODULE = YES;
				ENABLE_STRICT_OBJC_MSGSEND = YES;
				ENABLE_TESTABILITY = YES;
				GCC_C_LANGUAGE_STANDARD = gnu99;
				GCC_DYNAMIC_NO_PIC = NO;
				GCC_NO_COMMON_BLOCKS = YES;
				GCC_OPTIMIZATION_LEVEL = 0;
				GCC_PREPROCESSOR_DEFINITIONS = (
					"DEBUG=1",
					"$(inherited)",
				);
				GCC_WARN_64_TO_32_BIT_CONVERSION = YES;
				GCC_WARN_ABOUT_RETURN_TYPE = YES_ERROR;
				GCC_WARN_UNDECLARED_SELECTOR = YES;
				GCC_WARN_UNINITIALIZED_AUTOS = YES_AGGRESSIVE;
				GCC_WARN_UNUSED_FUNCTION = YES;
				GCC_WARN_UNUSED_VARIABLE = YES;
				IPHONEOS_DEPLOYMENT_TARGET = 10.0;
				MTL_ENABLE_DEBUG_INFO = YES;
				ONLY_ACTIVE_ARCH = YES;
				SDKROOT = iphoneos;
				SWIFT_ACTIVE_COMPILATION_CONDITIONS = DEBUG;
				SWIFT_OPTIMIZATION_LEVEL = "-Onone";
				TARGETED_DEVICE_FAMILY = "1,2";
			};
			name = Debug;
		};
		276C61AE1E2C062200225CF4 /* Release */ = {
			isa = XCBuildConfiguration;
			buildSettings = {
				ALWAYS_SEARCH_USER_PATHS = NO;
				CLANG_ANALYZER_NONNULL = YES;
				CLANG_CXX_LANGUAGE_STANDARD = "gnu++0x";
				CLANG_CXX_LIBRARY = "libc++";
				CLANG_ENABLE_MODULES = YES;
				CLANG_ENABLE_OBJC_ARC = YES;
				CLANG_WARN_BOOL_CONVERSION = YES;
				CLANG_WARN_CONSTANT_CONVERSION = YES;
				CLANG_WARN_DIRECT_OBJC_ISA_USAGE = YES_ERROR;
				CLANG_WARN_DOCUMENTATION_COMMENTS = YES;
				CLANG_WARN_EMPTY_BODY = YES;
				CLANG_WARN_ENUM_CONVERSION = YES;
				CLANG_WARN_INFINITE_RECURSION = YES;
				CLANG_WARN_INT_CONVERSION = YES;
				CLANG_WARN_OBJC_ROOT_CLASS = YES_ERROR;
				CLANG_WARN_SUSPICIOUS_MOVE = YES;
				CLANG_WARN_UNREACHABLE_CODE = YES;
				CLANG_WARN__DUPLICATE_METHOD_MATCH = YES;
				"CODE_SIGN_IDENTITY[sdk=iphoneos*]" = "iPhone Developer";
				COPY_PHASE_STRIP = NO;
				DEBUG_INFORMATION_FORMAT = "dwarf-with-dsym";
				DEFINES_MODULE = YES;
				ENABLE_NS_ASSERTIONS = NO;
				ENABLE_STRICT_OBJC_MSGSEND = YES;
				GCC_C_LANGUAGE_STANDARD = gnu99;
				GCC_NO_COMMON_BLOCKS = YES;
				GCC_WARN_64_TO_32_BIT_CONVERSION = YES;
				GCC_WARN_ABOUT_RETURN_TYPE = YES_ERROR;
				GCC_WARN_UNDECLARED_SELECTOR = YES;
				GCC_WARN_UNINITIALIZED_AUTOS = YES_AGGRESSIVE;
				GCC_WARN_UNUSED_FUNCTION = YES;
				GCC_WARN_UNUSED_VARIABLE = YES;
				IPHONEOS_DEPLOYMENT_TARGET = 10.0;
				MTL_ENABLE_DEBUG_INFO = NO;
				SDKROOT = iphoneos;
				SWIFT_OPTIMIZATION_LEVEL = "-Owholemodule";
				TARGETED_DEVICE_FAMILY = "1,2";
				VALIDATE_PRODUCT = YES;
			};
			name = Release;
		};
		276C61B01E2C062200225CF4 /* Debug */ = {
			isa = XCBuildConfiguration;
			baseConfigurationReference = 339F8D923A691D8422D19E85 /* Pods-AllisonsCatPalaceTDD.debug.xcconfig */;
			buildSettings = {
				ASSETCATALOG_COMPILER_APPICON_NAME = AppIcon;
				DEVELOPMENT_TEAM = NEL58AT86X;
				INFOPLIST_FILE = AllisonsCatPalaceTDD/Info.plist;
				LD_RUNPATH_SEARCH_PATHS = "$(inherited) @executable_path/Frameworks";
				PRODUCT_BUNDLE_IDENTIFIER = com.joesus.AllisonsCatPalaceTDD;
				PRODUCT_NAME = "$(TARGET_NAME)";
				SWIFT_VERSION = 3.0;
			};
			name = Debug;
		};
		276C61B11E2C062200225CF4 /* Release */ = {
			isa = XCBuildConfiguration;
			baseConfigurationReference = 8337DA1BFB7A3226D3410B0F /* Pods-AllisonsCatPalaceTDD.release.xcconfig */;
			buildSettings = {
				ASSETCATALOG_COMPILER_APPICON_NAME = AppIcon;
				DEVELOPMENT_TEAM = NEL58AT86X;
				INFOPLIST_FILE = AllisonsCatPalaceTDD/Info.plist;
				LD_RUNPATH_SEARCH_PATHS = "$(inherited) @executable_path/Frameworks";
				PRODUCT_BUNDLE_IDENTIFIER = com.joesus.AllisonsCatPalaceTDD;
				PRODUCT_NAME = "$(TARGET_NAME)";
				SWIFT_VERSION = 3.0;
			};
			name = Release;
		};
		276C61B31E2C062200225CF4 /* Debug */ = {
			isa = XCBuildConfiguration;
			baseConfigurationReference = 7875B590B29305AC1493953A /* Pods-AllisonsCatPalaceTDDTests.debug.xcconfig */;
			buildSettings = {
				ALWAYS_EMBED_SWIFT_STANDARD_LIBRARIES = YES;
				BUNDLE_LOADER = "$(TEST_HOST)";
				DEVELOPMENT_TEAM = NEL58AT86X;
				INFOPLIST_FILE = AllisonsCatPalaceTDDTests/Info.plist;
				LD_RUNPATH_SEARCH_PATHS = "$(inherited) @executable_path/Frameworks @loader_path/Frameworks";
				PRODUCT_BUNDLE_IDENTIFIER = com.joesus.AllisonsCatPalaceTDDTests;
				PRODUCT_NAME = "$(TARGET_NAME)";
				SWIFT_VERSION = 3.0;
				TEST_HOST = "$(BUILT_PRODUCTS_DIR)/AllisonsCatPalaceTDD.app/AllisonsCatPalaceTDD";
			};
			name = Debug;
		};
		276C61B41E2C062200225CF4 /* Release */ = {
			isa = XCBuildConfiguration;
			baseConfigurationReference = 75C842F7519FA5465CF58554 /* Pods-AllisonsCatPalaceTDDTests.release.xcconfig */;
			buildSettings = {
				ALWAYS_EMBED_SWIFT_STANDARD_LIBRARIES = YES;
				BUNDLE_LOADER = "$(TEST_HOST)";
				DEVELOPMENT_TEAM = NEL58AT86X;
				INFOPLIST_FILE = AllisonsCatPalaceTDDTests/Info.plist;
				LD_RUNPATH_SEARCH_PATHS = "$(inherited) @executable_path/Frameworks @loader_path/Frameworks";
				PRODUCT_BUNDLE_IDENTIFIER = com.joesus.AllisonsCatPalaceTDDTests;
				PRODUCT_NAME = "$(TARGET_NAME)";
				SWIFT_VERSION = 3.0;
				TEST_HOST = "$(BUILT_PRODUCTS_DIR)/AllisonsCatPalaceTDD.app/AllisonsCatPalaceTDD";
			};
			name = Release;
		};
/* End XCBuildConfiguration section */

/* Begin XCConfigurationList section */
		276C618D1E2C062200225CF4 /* Build configuration list for PBXProject "AllisonsCatPalaceTDD" */ = {
			isa = XCConfigurationList;
			buildConfigurations = (
				276C61AD1E2C062200225CF4 /* Debug */,
				276C61AE1E2C062200225CF4 /* Release */,
			);
			defaultConfigurationIsVisible = 0;
			defaultConfigurationName = Release;
		};
		276C61AF1E2C062200225CF4 /* Build configuration list for PBXNativeTarget "AllisonsCatPalaceTDD" */ = {
			isa = XCConfigurationList;
			buildConfigurations = (
				276C61B01E2C062200225CF4 /* Debug */,
				276C61B11E2C062200225CF4 /* Release */,
			);
			defaultConfigurationIsVisible = 0;
			defaultConfigurationName = Release;
		};
		276C61B21E2C062200225CF4 /* Build configuration list for PBXNativeTarget "AllisonsCatPalaceTDDTests" */ = {
			isa = XCConfigurationList;
			buildConfigurations = (
				276C61B31E2C062200225CF4 /* Debug */,
				276C61B41E2C062200225CF4 /* Release */,
			);
			defaultConfigurationIsVisible = 0;
			defaultConfigurationName = Release;
		};
/* End XCConfigurationList section */
	};
	rootObject = 276C618A1E2C062200225CF4 /* Project object */;
}
